// !$*UTF8*$!
{
	archiveVersion = 1;
	classes = {
	};
	objectVersion = 77;
	objects = {

/* Begin PBXBuildFile section */
		0169C223D4B0CBD72EE17C25 /* Pods_leaploan.framework in Frameworks */ = {isa = PBXBuildFile; fileRef = C3FFCD76033F537953878033 /* Pods_leaploan.framework */; };
		73B2B1F02EB09A9700F3A877 /* httpsRequest.swift in Sources */ = {isa = PBXBuildFile; fileRef = 73B2B1EF2EB09A9700F3A877 /* httpsRequest.swift */; };
		73B2B1F22EB0A21000F3A877 /* commonPara.swift in Sources */ = {isa = PBXBuildFile; fileRef = 73B2B1F12EB0A20E00F3A877 /* commonPara.swift */; };
		73B2B1F42EB0A73E00F3A877 /* LoginView.swift in Sources */ = {isa = PBXBuildFile; fileRef = 73B2B1F32EB0A73E00F3A877 /* LoginView.swift */; };
		73B2B1F62EB0A74F00F3A877 /* LoginViewModel.swift in Sources */ = {isa = PBXBuildFile; fileRef = 73B2B1F52EB0A74A00F3A877 /* LoginViewModel.swift */; };
		73B2B1F82EB0A7AD00F3A877 /* Model.swift in Sources */ = {isa = PBXBuildFile; fileRef = 73B2B1F72EB0A7A900F3A877 /* Model.swift */; };
		73D129C82EB08B2F00079434 /* BaseViewController.swift in Sources */ = {isa = PBXBuildFile; fileRef = 73D129C72EB08B2F00079434 /* BaseViewController.swift */; };
		73D129CE2EB08B5A00079434 /* BaseTabBarController.swift in Sources */ = {isa = PBXBuildFile; fileRef = 73D129CD2EB08B5A00079434 /* BaseTabBarController.swift */; };
		73D129D02EB08B6D00079434 /* BaseNavigationController.swift in Sources */ = {isa = PBXBuildFile; fileRef = 73D129CF2EB08B6D00079434 /* BaseNavigationController.swift */; };
		73D129D22EB08C0D00079434 /* LoginViewController.swift in Sources */ = {isa = PBXBuildFile; fileRef = 73D129D12EB08C0D00079434 /* LoginViewController.swift */; };
		73D129D42EB08C2B00079434 /* loginAuthManager.swift in Sources */ = {isa = PBXBuildFile; fileRef = 73D129D32EB08C2100079434 /* loginAuthManager.swift */; };
		73F59DEC2EAF638100A68B13 /* Assets.xcassets in Resources */ = {isa = PBXBuildFile; fileRef = 73F59DE32EAF638100A68B13 /* Assets.xcassets */; };
		73F59DEE2EAF638100A68B13 /* LaunchScreen.storyboard in Resources */ = {isa = PBXBuildFile; fileRef = 73F59DE62EAF638100A68B13 /* LaunchScreen.storyboard */; };
		73F59DF02EAF638100A68B13 /* AppDelegate.swift in Sources */ = {isa = PBXBuildFile; fileRef = 73F59DE22EAF638100A68B13 /* AppDelegate.swift */; };
/* End PBXBuildFile section */

/* Begin PBXFileReference section */
		73B2B1EF2EB09A9700F3A877 /* httpsRequest.swift */ = {isa = PBXFileReference; lastKnownFileType = sourcecode.swift; path = httpsRequest.swift; sourceTree = "<group>"; };
		73B2B1F12EB0A20E00F3A877 /* commonPara.swift */ = {isa = PBXFileReference; lastKnownFileType = sourcecode.swift; path = commonPara.swift; sourceTree = "<group>"; };
		73B2B1F32EB0A73E00F3A877 /* LoginView.swift */ = {isa = PBXFileReference; lastKnownFileType = sourcecode.swift; path = LoginView.swift; sourceTree = "<group>"; };
		73B2B1F52EB0A74A00F3A877 /* LoginViewModel.swift */ = {isa = PBXFileReference; lastKnownFileType = sourcecode.swift; path = LoginViewModel.swift; sourceTree = "<group>"; };
		73B2B1F72EB0A7A900F3A877 /* Model.swift */ = {isa = PBXFileReference; lastKnownFileType = sourcecode.swift; path = Model.swift; sourceTree = "<group>"; };
		73D129C72EB08B2F00079434 /* BaseViewController.swift */ = {isa = PBXFileReference; lastKnownFileType = sourcecode.swift; path = BaseViewController.swift; sourceTree = "<group>"; };
		73D129CD2EB08B5A00079434 /* BaseTabBarController.swift */ = {isa = PBXFileReference; lastKnownFileType = sourcecode.swift; path = BaseTabBarController.swift; sourceTree = "<group>"; };
		73D129CF2EB08B6D00079434 /* BaseNavigationController.swift */ = {isa = PBXFileReference; lastKnownFileType = sourcecode.swift; path = BaseNavigationController.swift; sourceTree = "<group>"; };
		73D129D12EB08C0D00079434 /* LoginViewController.swift */ = {isa = PBXFileReference; lastKnownFileType = sourcecode.swift; path = LoginViewController.swift; sourceTree = "<group>"; };
		73D129D32EB08C2100079434 /* loginAuthManager.swift */ = {isa = PBXFileReference; lastKnownFileType = sourcecode.swift; path = loginAuthManager.swift; sourceTree = "<group>"; };
		73F59DCA2EAF637A00A68B13 /* leaploan.app */ = {isa = PBXFileReference; explicitFileType = wrapper.application; includeInIndex = 0; path = leaploan.app; sourceTree = BUILT_PRODUCTS_DIR; };
		73F59DE22EAF638100A68B13 /* AppDelegate.swift */ = {isa = PBXFileReference; lastKnownFileType = sourcecode.swift; path = AppDelegate.swift; sourceTree = "<group>"; };
		73F59DE32EAF638100A68B13 /* Assets.xcassets */ = {isa = PBXFileReference; lastKnownFileType = folder.assetcatalog; path = Assets.xcassets; sourceTree = "<group>"; };
		73F59DE42EAF638100A68B13 /* Info.plist */ = {isa = PBXFileReference; lastKnownFileType = text.plist.xml; path = Info.plist; sourceTree = "<group>"; };
		73F59DE52EAF638100A68B13 /* Base */ = {isa = PBXFileReference; lastKnownFileType = file.storyboard; name = Base; path = Base.lproj/LaunchScreen.storyboard; sourceTree = "<group>"; };
		AFD6AE48504BF3BEC24EB502 /* Pods-leaploan.debug.xcconfig */ = {isa = PBXFileReference; includeInIndex = 1; lastKnownFileType = text.xcconfig; name = "Pods-leaploan.debug.xcconfig"; path = "Target Support Files/Pods-leaploan/Pods-leaploan.debug.xcconfig"; sourceTree = "<group>"; };
		C3FFCD76033F537953878033 /* Pods_leaploan.framework */ = {isa = PBXFileReference; explicitFileType = wrapper.framework; includeInIndex = 0; path = Pods_leaploan.framework; sourceTree = BUILT_PRODUCTS_DIR; };
		EF0C4AEEE70C3286EC8BD5FE /* Pods-leaploan.release.xcconfig */ = {isa = PBXFileReference; includeInIndex = 1; lastKnownFileType = text.xcconfig; name = "Pods-leaploan.release.xcconfig"; path = "Target Support Files/Pods-leaploan/Pods-leaploan.release.xcconfig"; sourceTree = "<group>"; };
/* End PBXFileReference section */

/* Begin PBXFrameworksBuildPhase section */
		73F59DC72EAF637A00A68B13 /* Frameworks */ = {
			isa = PBXFrameworksBuildPhase;
			buildActionMask = 2147483647;
			files = (
				0169C223D4B0CBD72EE17C25 /* Pods_leaploan.framework in Frameworks */,
			);
			runOnlyForDeploymentPostprocessing = 0;
		};
/* End PBXFrameworksBuildPhase section */

/* Begin PBXGroup section */
		73D129C02EB08AF700079434 /* base */ = {
			isa = PBXGroup;
			children = (
				73D129C72EB08B2F00079434 /* BaseViewController.swift */,
				73D129CD2EB08B5A00079434 /* BaseTabBarController.swift */,
				73D129CF2EB08B6D00079434 /* BaseNavigationController.swift */,
			);
			path = base;
			sourceTree = "<group>";
		};
		73D129C12EB08AFD00079434 /* http */ = {
			isa = PBXGroup;
			children = (
				73B2B1F12EB0A20E00F3A877 /* commonPara.swift */,
				73B2B1EF2EB09A9700F3A877 /* httpsRequest.swift */,
			);
			path = http;
			sourceTree = "<group>";
		};
		73D129C22EB08B0200079434 /* login */ = {
			isa = PBXGroup;
			children = (
				73B2B1F32EB0A73E00F3A877 /* LoginView.swift */,
				73B2B1F52EB0A74A00F3A877 /* LoginViewModel.swift */,
				73D129D12EB08C0D00079434 /* LoginViewController.swift */,
			);
			path = login;
			sourceTree = "<group>";
		};
		73D129C32EB08B0700079434 /* order */ = {
			isa = PBXGroup;
			children = (
			);
			path = order;
			sourceTree = "<group>";
		};
		73D129C42EB08B0C00079434 /* home */ = {
			isa = PBXGroup;
			children = (
			);
			path = home;
			sourceTree = "<group>";
		};
		73D129C52EB08B1000079434 /* center */ = {
			isa = PBXGroup;
			children = (
			);
			path = center;
			sourceTree = "<group>";
		};
		73D129C62EB08B1500079434 /* other */ = {
			isa = PBXGroup;
			children = (
				73B2B1F72EB0A7A900F3A877 /* Model.swift */,
				73D129D32EB08C2100079434 /* loginAuthManager.swift */,
			);
			path = other;
			sourceTree = "<group>";
		};
		73F59DC12EAF637A00A68B13 = {
			isa = PBXGroup;
			children = (
				73F59DEB2EAF638100A68B13 /* leaploan */,
				73F59DCB2EAF637A00A68B13 /* Products */,
				8B10A4DB0CF33364F9F57333 /* Pods */,
				CC17A6357373F24B003479A5 /* Frameworks */,
			);
			sourceTree = "<group>";
		};
		73F59DCB2EAF637A00A68B13 /* Products */ = {
			isa = PBXGroup;
			children = (
				73F59DCA2EAF637A00A68B13 /* leaploan.app */,
			);
			name = Products;
			sourceTree = "<group>";
		};
		73F59DEB2EAF638100A68B13 /* leaploan */ = {
			isa = PBXGroup;
			children = (
				73F59DE42EAF638100A68B13 /* Info.plist */,
				73F59DE32EAF638100A68B13 /* Assets.xcassets */,
				73F59DE22EAF638100A68B13 /* AppDelegate.swift */,
				73F59DE62EAF638100A68B13 /* LaunchScreen.storyboard */,
				73D129C12EB08AFD00079434 /* http */,
				73D129C62EB08B1500079434 /* other */,
				73D129C52EB08B1000079434 /* center */,
				73D129C42EB08B0C00079434 /* home */,
				73D129C32EB08B0700079434 /* order */,
				73D129C22EB08B0200079434 /* login */,
				73D129C02EB08AF700079434 /* base */,
			);
			path = leaploan;
			sourceTree = "<group>";
		};
		8B10A4DB0CF33364F9F57333 /* Pods */ = {
			isa = PBXGroup;
			children = (
				AFD6AE48504BF3BEC24EB502 /* Pods-leaploan.debug.xcconfig */,
				EF0C4AEEE70C3286EC8BD5FE /* Pods-leaploan.release.xcconfig */,
			);
			path = Pods;
			sourceTree = "<group>";
		};
		CC17A6357373F24B003479A5 /* Frameworks */ = {
			isa = PBXGroup;
			children = (
				C3FFCD76033F537953878033 /* Pods_leaploan.framework */,
			);
			name = Frameworks;
			sourceTree = "<group>";
		};
/* End PBXGroup section */

/* Begin PBXNativeTarget section */
		73F59DC92EAF637A00A68B13 /* leaploan */ = {
			isa = PBXNativeTarget;
			buildConfigurationList = 73F59DDD2EAF637C00A68B13 /* Build configuration list for PBXNativeTarget "leaploan" */;
			buildPhases = (
				F22045B0313E9833C013D43A /* [CP] Check Pods Manifest.lock */,
				73F59DC62EAF637A00A68B13 /* Sources */,
				73F59DC72EAF637A00A68B13 /* Frameworks */,
				73F59DC82EAF637A00A68B13 /* Resources */,
				04F547B40A532B138D93CE10 /* [CP] Embed Pods Frameworks */,
			);
			buildRules = (
			);
			dependencies = (
			);
			name = leaploan;
			productName = leaploan;
			productReference = 73F59DCA2EAF637A00A68B13 /* leaploan.app */;
			productType = "com.apple.product-type.application";
		};
/* End PBXNativeTarget section */

/* Begin PBXProject section */
		73F59DC22EAF637A00A68B13 /* Project object */ = {
			isa = PBXProject;
			attributes = {
				BuildIndependentTargetsInParallel = 1;
				LastSwiftUpdateCheck = 2600;
				LastUpgradeCheck = 2600;
				TargetAttributes = {
					73F59DC92EAF637A00A68B13 = {
						CreatedOnToolsVersion = 26.0.1;
					};
				};
			};
			buildConfigurationList = 73F59DC52EAF637A00A68B13 /* Build configuration list for PBXProject "leaploan" */;
			developmentRegion = en;
			hasScannedForEncodings = 0;
			knownRegions = (
				en,
				Base,
			);
			mainGroup = 73F59DC12EAF637A00A68B13;
			minimizedProjectReferenceProxies = 1;
			preferredProjectObjectVersion = 77;
			productRefGroup = 73F59DCB2EAF637A00A68B13 /* Products */;
			projectDirPath = "";
			projectRoot = "";
			targets = (
				73F59DC92EAF637A00A68B13 /* leaploan */,
			);
		};
/* End PBXProject section */

/* Begin PBXResourcesBuildPhase section */
		73F59DC82EAF637A00A68B13 /* Resources */ = {
			isa = PBXResourcesBuildPhase;
			buildActionMask = 2147483647;
			files = (
				73F59DEC2EAF638100A68B13 /* Assets.xcassets in Resources */,
				73F59DEE2EAF638100A68B13 /* LaunchScreen.storyboard in Resources */,
			);
			runOnlyForDeploymentPostprocessing = 0;
		};
/* End PBXResourcesBuildPhase section */

/* Begin PBXShellScriptBuildPhase section */
		04F547B40A532B138D93CE10 /* [CP] Embed Pods Frameworks */ = {
			isa = PBXShellScriptBuildPhase;
			buildActionMask = 2147483647;
			files = (
			);
			inputFileListPaths = (
				"${PODS_ROOT}/Target Support Files/Pods-leaploan/Pods-leaploan-frameworks-${CONFIGURATION}-input-files.xcfilelist",
			);
			inputPaths = (
			);
			name = "[CP] Embed Pods Frameworks";
			outputFileListPaths = (
				"${PODS_ROOT}/Target Support Files/Pods-leaploan/Pods-leaploan-frameworks-${CONFIGURATION}-output-files.xcfilelist",
			);
			outputPaths = (
			);
			runOnlyForDeploymentPostprocessing = 0;
			shellPath = /bin/sh;
			shellScript = "\"${PODS_ROOT}/Target Support Files/Pods-leaploan/Pods-leaploan-frameworks.sh\"\n";
			showEnvVarsInLog = 0;
		};
		F22045B0313E9833C013D43A /* [CP] Check Pods Manifest.lock */ = {
			isa = PBXShellScriptBuildPhase;
			buildActionMask = 2147483647;
			files = (
			);
			inputFileListPaths = (
			);
			inputPaths = (
				"${PODS_PODFILE_DIR_PATH}/Podfile.lock",
				"${PODS_ROOT}/Manifest.lock",
			);
			name = "[CP] Check Pods Manifest.lock";
			outputFileListPaths = (
			);
			outputPaths = (
				"$(DERIVED_FILE_DIR)/Pods-leaploan-checkManifestLockResult.txt",
			);
			runOnlyForDeploymentPostprocessing = 0;
			shellPath = /bin/sh;
			shellScript = "diff \"${PODS_PODFILE_DIR_PATH}/Podfile.lock\" \"${PODS_ROOT}/Manifest.lock\" > /dev/null\nif [ $? != 0 ] ; then\n    # print error to STDERR\n    echo \"error: The sandbox is not in sync with the Podfile.lock. Run 'pod install' or update your CocoaPods installation.\" >&2\n    exit 1\nfi\n# This output is used by Xcode 'outputs' to avoid re-running this script phase.\necho \"SUCCESS\" > \"${SCRIPT_OUTPUT_FILE_0}\"\n";
			showEnvVarsInLog = 0;
		};
/* End PBXShellScriptBuildPhase section */

/* Begin PBXSourcesBuildPhase section */
		73F59DC62EAF637A00A68B13 /* Sources */ = {
			isa = PBXSourcesBuildPhase;
			buildActionMask = 2147483647;
			files = (
				73D129D02EB08B6D00079434 /* BaseNavigationController.swift in Sources */,
				73B2B1F02EB09A9700F3A877 /* httpsRequest.swift in Sources */,
				73B2B1F22EB0A21000F3A877 /* commonPara.swift in Sources */,
				73B2B1F42EB0A73E00F3A877 /* LoginView.swift in Sources */,
				73D129D42EB08C2B00079434 /* loginAuthManager.swift in Sources */,
				73F59DF02EAF638100A68B13 /* AppDelegate.swift in Sources */,
				73D129C82EB08B2F00079434 /* BaseViewController.swift in Sources */,
				73D129D22EB08C0D00079434 /* LoginViewController.swift in Sources */,
				73B2B1F82EB0A7AD00F3A877 /* Model.swift in Sources */,
				73B2B1F62EB0A74F00F3A877 /* LoginViewModel.swift in Sources */,
				73D129CE2EB08B5A00079434 /* BaseTabBarController.swift in Sources */,
			);
			runOnlyForDeploymentPostprocessing = 0;
		};
/* End PBXSourcesBuildPhase section */

/* Begin PBXVariantGroup section */
		73F59DE62EAF638100A68B13 /* LaunchScreen.storyboard */ = {
			isa = PBXVariantGroup;
			children = (
				73F59DE52EAF638100A68B13 /* Base */,
			);
			name = LaunchScreen.storyboard;
			sourceTree = "<group>";
		};
/* End PBXVariantGroup section */

/* Begin XCBuildConfiguration section */
		73F59DDE2EAF637C00A68B13 /* Debug */ = {
			isa = XCBuildConfiguration;
			baseConfigurationReference = AFD6AE48504BF3BEC24EB502 /* Pods-leaploan.debug.xcconfig */;
			buildSettings = {
				ASSETCATALOG_COMPILER_APPICON_NAME = AppIcon;
				ASSETCATALOG_COMPILER_GLOBAL_ACCENT_COLOR_NAME = AccentColor;
				"CODE_SIGN_IDENTITY[sdk=iphoneos*]" = "iPhone Developer";
				CODE_SIGN_STYLE = Manual;
				CURRENT_PROJECT_VERSION = 1;
				DEVELOPMENT_TEAM = "";
				"DEVELOPMENT_TEAM[sdk=iphoneos*]" = 8K9YQ3M42C;
				ENABLE_USER_SCRIPT_SANDBOXING = NO;
				GENERATE_INFOPLIST_FILE = YES;
				INFOPLIST_FILE = leaploan/Info.plist;
				INFOPLIST_KEY_UIApplicationSupportsIndirectInputEvents = YES;
				INFOPLIST_KEY_UILaunchStoryboardName = LaunchScreen;
				INFOPLIST_KEY_UISupportedInterfaceOrientations = UIInterfaceOrientationPortrait;
				INFOPLIST_KEY_UISupportedInterfaceOrientations_iPad = "UIInterfaceOrientationLandscapeLeft UIInterfaceOrientationLandscapeRight UIInterfaceOrientationPortrait UIInterfaceOrientationPortraitUpsideDown";
				IPHONEOS_DEPLOYMENT_TARGET = 14.0;
				LD_RUNPATH_SEARCH_PATHS = (
					"$(inherited)",
					"@executable_path/Frameworks",
				);
				MARKETING_VERSION = 1.0;
				PRODUCT_BUNDLE_IDENTIFIER = com.hkdev;
				PRODUCT_NAME = "$(TARGET_NAME)";
				PROVISIONING_PROFILE_SPECIFIER = "";
				"PROVISIONING_PROFILE_SPECIFIER[sdk=iphoneos*]" = hkdevpro;
				STRING_CATALOG_GENERATE_SYMBOLS = YES;
				SUPPORTED_PLATFORMS = "iphoneos iphonesimulator";
				SUPPORTS_MACCATALYST = NO;
				SUPPORTS_MAC_DESIGNED_FOR_IPHONE_IPAD = NO;
				SUPPORTS_XR_DESIGNED_FOR_IPHONE_IPAD = NO;
				SWIFT_APPROACHABLE_CONCURRENCY = YES;
				SWIFT_DEFAULT_ACTOR_ISOLATION = MainActor;
				SWIFT_EMIT_LOC_STRINGS = YES;
				SWIFT_UPCOMING_FEATURE_MEMBER_IMPORT_VISIBILITY = YES;
				SWIFT_VERSION = 5.0;
				TARGETED_DEVICE_FAMILY = 1;
			};
			name = Debug;
		};
		73F59DDF2EAF637C00A68B13 /* Release */ = {
			isa = XCBuildConfiguration;
			baseConfigurationReference = EF0C4AEEE70C3286EC8BD5FE /* Pods-leaploan.release.xcconfig */;
			buildSettings = {
				ASSETCATALOG_COMPILER_APPICON_NAME = AppIcon;
				ASSETCATALOG_COMPILER_GLOBAL_ACCENT_COLOR_NAME = AccentColor;
				"CODE_SIGN_IDENTITY[sdk=iphoneos*]" = "iPhone Developer";
				CODE_SIGN_STYLE = Manual;
				CURRENT_PROJECT_VERSION = 1;
				DEVELOPMENT_TEAM = "";
				"DEVELOPMENT_TEAM[sdk=iphoneos*]" = 8K9YQ3M42C;
				ENABLE_USER_SCRIPT_SANDBOXING = NO;
				GENERATE_INFOPLIST_FILE = YES;
				INFOPLIST_FILE = leaploan/Info.plist;
				INFOPLIST_KEY_UIApplicationSupportsIndirectInputEvents = YES;
				INFOPLIST_KEY_UILaunchStoryboardName = LaunchScreen;
				INFOPLIST_KEY_UISupportedInterfaceOrientations = UIInterfaceOrientationPortrait;
				INFOPLIST_KEY_UISupportedInterfaceOrientations_iPad = "UIInterfaceOrientationLandscapeLeft UIInterfaceOrientationLandscapeRight UIInterfaceOrientationPortrait UIInterfaceOrientationPortraitUpsideDown";
				IPHONEOS_DEPLOYMENT_TARGET = 14.0;
				LD_RUNPATH_SEARCH_PATHS = (
					"$(inherited)",
					"@executable_path/Frameworks",
				);
				MARKETING_VERSION = 1.0;
				PRODUCT_BUNDLE_IDENTIFIER = com.hkdev;
				PRODUCT_NAME = "$(TARGET_NAME)";
				PROVISIONING_PROFILE_SPECIFIER = "";
				"PROVISIONING_PROFILE_SPECIFIER[sdk=iphoneos*]" = hkdevpro;
				STRING_CATALOG_GENERATE_SYMBOLS = YES;
				SUPPORTED_PLATFORMS = "iphoneos iphonesimulator";
				SUPPORTS_MACCATALYST = NO;
				SUPPORTS_MAC_DESIGNED_FOR_IPHONE_IPAD = NO;
				SUPPORTS_XR_DESIGNED_FOR_IPHONE_IPAD = NO;
				SWIFT_APPROACHABLE_CONCURRENCY = YES;
				SWIFT_DEFAULT_ACTOR_ISOLATION = MainActor;
				SWIFT_EMIT_LOC_STRINGS = YES;
				SWIFT_UPCOMING_FEATURE_MEMBER_IMPORT_VISIBILITY = YES;
				SWIFT_VERSION = 5.0;
				TARGETED_DEVICE_FAMILY = 1;
			};
			name = Release;
		};
		73F59DE02EAF637C00A68B13 /* Debug */ = {
			isa = XCBuildConfiguration;
			buildSettings = {
				ALWAYS_SEARCH_USER_PATHS = NO;
				ASSETCATALOG_COMPILER_GENERATE_SWIFT_ASSET_SYMBOL_EXTENSIONS = YES;
				CLANG_ANALYZER_NONNULL = YES;
				CLANG_ANALYZER_NUMBER_OBJECT_CONVERSION = YES_AGGRESSIVE;
				CLANG_CXX_LANGUAGE_STANDARD = "gnu++20";
				CLANG_ENABLE_MODULES = YES;
				CLANG_ENABLE_OBJC_ARC = YES;
				CLANG_ENABLE_OBJC_WEAK = YES;
				CLANG_WARN_BLOCK_CAPTURE_AUTORELEASING = YES;
				CLANG_WARN_BOOL_CONVERSION = YES;
				CLANG_WARN_COMMA = YES;
				CLANG_WARN_CONSTANT_CONVERSION = YES;
				CLANG_WARN_DEPRECATED_OBJC_IMPLEMENTATIONS = YES;
				CLANG_WARN_DIRECT_OBJC_ISA_USAGE = YES_ERROR;
				CLANG_WARN_DOCUMENTATION_COMMENTS = YES;
				CLANG_WARN_EMPTY_BODY = YES;
				CLANG_WARN_ENUM_CONVERSION = YES;
				CLANG_WARN_INFINITE_RECURSION = YES;
				CLANG_WARN_INT_CONVERSION = YES;
				CLANG_WARN_NON_LITERAL_NULL_CONVERSION = YES;
				CLANG_WARN_OBJC_IMPLICIT_RETAIN_SELF = YES;
				CLANG_WARN_OBJC_LITERAL_CONVERSION = YES;
				CLANG_WARN_OBJC_ROOT_CLASS = YES_ERROR;
				CLANG_WARN_QUOTED_INCLUDE_IN_FRAMEWORK_HEADER = YES;
				CLANG_WARN_RANGE_LOOP_ANALYSIS = YES;
				CLANG_WARN_STRICT_PROTOTYPES = YES;
				CLANG_WARN_SUSPICIOUS_MOVE = YES;
				CLANG_WARN_UNGUARDED_AVAILABILITY = YES_AGGRESSIVE;
				CLANG_WARN_UNREACHABLE_CODE = YES;
				CLANG_WARN__DUPLICATE_METHOD_MATCH = YES;
				COPY_PHASE_STRIP = NO;
				DEBUG_INFORMATION_FORMAT = dwarf;
				ENABLE_STRICT_OBJC_MSGSEND = YES;
				ENABLE_TESTABILITY = YES;
				ENABLE_USER_SCRIPT_SANDBOXING = YES;
				GCC_C_LANGUAGE_STANDARD = gnu17;
				GCC_DYNAMIC_NO_PIC = NO;
				GCC_NO_COMMON_BLOCKS = YES;
				GCC_OPTIMIZATION_LEVEL = 0;
				GCC_PREPROCESSOR_DEFINITIONS = (
					"DEBUG=1",
					"$(inherited)",
				);
				GCC_WARN_64_TO_32_BIT_CONVERSION = YES;
				GCC_WARN_ABOUT_RETURN_TYPE = YES_ERROR;
				GCC_WARN_UNDECLARED_SELECTOR = YES;
				GCC_WARN_UNINITIALIZED_AUTOS = YES_AGGRESSIVE;
				GCC_WARN_UNUSED_FUNCTION = YES;
				GCC_WARN_UNUSED_VARIABLE = YES;
				IPHONEOS_DEPLOYMENT_TARGET = 26.0;
				LOCALIZATION_PREFERS_STRING_CATALOGS = YES;
				MTL_ENABLE_DEBUG_INFO = INCLUDE_SOURCE;
				MTL_FAST_MATH = YES;
				ONLY_ACTIVE_ARCH = YES;
				SDKROOT = iphoneos;
				SWIFT_ACTIVE_COMPILATION_CONDITIONS = "DEBUG $(inherited)";
				SWIFT_OPTIMIZATION_LEVEL = "-Onone";
			};
			name = Debug;
		};
		73F59DE12EAF637C00A68B13 /* Release */ = {
			isa = XCBuildConfiguration;
			buildSettings = {
				ALWAYS_SEARCH_USER_PATHS = NO;
				ASSETCATALOG_COMPILER_GENERATE_SWIFT_ASSET_SYMBOL_EXTENSIONS = YES;
				CLANG_ANALYZER_NONNULL = YES;
				CLANG_ANALYZER_NUMBER_OBJECT_CONVERSION = YES_AGGRESSIVE;
				CLANG_CXX_LANGUAGE_STANDARD = "gnu++20";
				CLANG_ENABLE_MODULES = YES;
				CLANG_ENABLE_OBJC_ARC = YES;
				CLANG_ENABLE_OBJC_WEAK = YES;
				CLANG_WARN_BLOCK_CAPTURE_AUTORELEASING = YES;
				CLANG_WARN_BOOL_CONVERSION = YES;
				CLANG_WARN_COMMA = YES;
				CLANG_WARN_CONSTANT_CONVERSION = YES;
				CLANG_WARN_DEPRECATED_OBJC_IMPLEMENTATIONS = YES;
				CLANG_WARN_DIRECT_OBJC_ISA_USAGE = YES_ERROR;
				CLANG_WARN_DOCUMENTATION_COMMENTS = YES;
				CLANG_WARN_EMPTY_BODY = YES;
				CLANG_WARN_ENUM_CONVERSION = YES;
				CLANG_WARN_INFINITE_RECURSION = YES;
				CLANG_WARN_INT_CONVERSION = YES;
				CLANG_WARN_NON_LITERAL_NULL_CONVERSION = YES;
				CLANG_WARN_OBJC_IMPLICIT_RETAIN_SELF = YES;
				CLANG_WARN_OBJC_LITERAL_CONVERSION = YES;
				CLANG_WARN_OBJC_ROOT_CLASS = YES_ERROR;
				CLANG_WARN_QUOTED_INCLUDE_IN_FRAMEWORK_HEADER = YES;
				CLANG_WARN_RANGE_LOOP_ANALYSIS = YES;
				CLANG_WARN_STRICT_PROTOTYPES = YES;
				CLANG_WARN_SUSPICIOUS_MOVE = YES;
				CLANG_WARN_UNGUARDED_AVAILABILITY = YES_AGGRESSIVE;
				CLANG_WARN_UNREACHABLE_CODE = YES;
				CLANG_WARN__DUPLICATE_METHOD_MATCH = YES;
				COPY_PHASE_STRIP = NO;
				DEBUG_INFORMATION_FORMAT = "dwarf-with-dsym";
				ENABLE_NS_ASSERTIONS = NO;
				ENABLE_STRICT_OBJC_MSGSEND = YES;
				ENABLE_USER_SCRIPT_SANDBOXING = YES;
				GCC_C_LANGUAGE_STANDARD = gnu17;
				GCC_NO_COMMON_BLOCKS = YES;
				GCC_WARN_64_TO_32_BIT_CONVERSION = YES;
				GCC_WARN_ABOUT_RETURN_TYPE = YES_ERROR;
				GCC_WARN_UNDECLARED_SELECTOR = YES;
				GCC_WARN_UNINITIALIZED_AUTOS = YES_AGGRESSIVE;
				GCC_WARN_UNUSED_FUNCTION = YES;
				GCC_WARN_UNUSED_VARIABLE = YES;
				IPHONEOS_DEPLOYMENT_TARGET = 26.0;
				LOCALIZATION_PREFERS_STRING_CATALOGS = YES;
				MTL_ENABLE_DEBUG_INFO = NO;
				MTL_FAST_MATH = YES;
				SDKROOT = iphoneos;
				SWIFT_COMPILATION_MODE = wholemodule;
				VALIDATE_PRODUCT = YES;
			};
			name = Release;
		};
/* End XCBuildConfiguration section */

/* Begin XCConfigurationList section */
		73F59DC52EAF637A00A68B13 /* Build configuration list for PBXProject "leaploan" */ = {
			isa = XCConfigurationList;
			buildConfigurations = (
				73F59DE02EAF637C00A68B13 /* Debug */,
				73F59DE12EAF637C00A68B13 /* Release */,
			);
			defaultConfigurationIsVisible = 0;
			defaultConfigurationName = Release;
		};
		73F59DDD2EAF637C00A68B13 /* Build configuration list for PBXNativeTarget "leaploan" */ = {
			isa = XCConfigurationList;
			buildConfigurations = (
				73F59DDE2EAF637C00A68B13 /* Debug */,
				73F59DDF2EAF637C00A68B13 /* Release */,
			);
			defaultConfigurationIsVisible = 0;
			defaultConfigurationName = Release;
		};
/* End XCConfigurationList section */
	};
	rootObject = 73F59DC22EAF637A00A68B13 /* Project object */;
}
